// !$*UTF8*$!
{
	archiveVersion = 1;
	classes = {
	};
	objectVersion = 44;
	objects = {

/* Begin PBXBuildFile section */
		8DD76F9C0486AA7600D96B5E /* Foundation.framework in Frameworks */ = {isa = PBXBuildFile; fileRef = 08FB779EFE84155DC02AAC07 /* Foundation.framework */; };
		CA0DF0E311F71DA10029B5F7 /* rotavault.m in Sources */ = {isa = PBXBuildFile; fileRef = CA0DF0DD11F71D8B0029B5F7 /* rotavault.m */; };
		CA0DF18911F723400029B5F7 /* LCSDiskService.m in Sources */ = {isa = PBXBuildFile; fileRef = CA0DF18811F723400029B5F7 /* LCSDiskService.m */; };
		CAA3ED1711F82DE600CDFDC4 /* LCSVaultImageService.m in Sources */ = {isa = PBXBuildFile; fileRef = CAA3ED1611F82DE600CDFDC4 /* LCSVaultImageService.m */; };
		CAA66A581208887200E84193 /* LCSPlistTaskOutputHandler.m in Sources */ = {isa = PBXBuildFile; fileRef = CAA66A571208887200E84193 /* LCSPlistTaskOutputHandler.m */; };
		CAA749FA12092ED000D234F9 /* LCSPlistTaskOutputHandlerTest.m in Sources */ = {isa = PBXBuildFile; fileRef = CAA749F912092ED000D234F9 /* LCSPlistTaskOutputHandlerTest.m */; };
		CAA74A241209307D00D234F9 /* LCSDiskServiceTest.m in Sources */ = {isa = PBXBuildFile; fileRef = CA0DF0E111F71D8B0029B5F7 /* LCSDiskServiceTest.m */; };
		CAA74A34120930A100D234F9 /* LCSVaultImageServiceTest.m in Sources */ = {isa = PBXBuildFile; fileRef = CAA3ED1911F82DFC00CDFDC4 /* LCSVaultImageServiceTest.m */; };
		CAA74A38120930AE00D234F9 /* LCSTestdir.m in Sources */ = {isa = PBXBuildFile; fileRef = CAB72D7A120708220093D08A /* LCSTestdir.m */; };
		CAA74A5A1209365A00D234F9 /* LCSBlockCopyServiceTest.m in Sources */ = {isa = PBXBuildFile; fileRef = CAB8800712016C84004C8CCD /* LCSBlockCopyServiceTest.m */; };
		CAA74A67120936E800D234F9 /* LCSBlockCopyService.m in Sources */ = {isa = PBXBuildFile; fileRef = CAB8808B12016CF3004C8CCD /* LCSBlockCopyService.m */; };
		CAA74BA7120A146600D234F9 /* LCSDiskService.m in Sources */ = {isa = PBXBuildFile; fileRef = CA0DF18811F723400029B5F7 /* LCSDiskService.m */; };
		CAA74BA8120A146600D234F9 /* LCSVaultImageService.m in Sources */ = {isa = PBXBuildFile; fileRef = CAA3ED1611F82DE600CDFDC4 /* LCSVaultImageService.m */; };
		CAA74BA9120A146600D234F9 /* LCSPlistTaskOutputHandler.m in Sources */ = {isa = PBXBuildFile; fileRef = CAA66A571208887200E84193 /* LCSPlistTaskOutputHandler.m */; };
		CAA74BAA120A146600D234F9 /* LCSBlockCopyService.m in Sources */ = {isa = PBXBuildFile; fileRef = CAB8808B12016CF3004C8CCD /* LCSBlockCopyService.m */; };
		CAA74BAC120A146600D234F9 /* Foundation.framework in Frameworks */ = {isa = PBXBuildFile; fileRef = 08FB779EFE84155DC02AAC07 /* Foundation.framework */; };
		CAA74BB3120A149E00D234F9 /* SenTestingKit.framework in Frameworks */ = {isa = PBXBuildFile; fileRef = CA0DF11811F7216D0029B5F7 /* SenTestingKit.framework */; };
		CAA74BB6120A14CD00D234F9 /* rotavault_test.m in Sources */ = {isa = PBXBuildFile; fileRef = CAA74ADD120A12DB00D234F9 /* rotavault_test.m */; };
		CAA74BB8120A14D400D234F9 /* LCSTestdir.m in Sources */ = {isa = PBXBuildFile; fileRef = CAB72D7A120708220093D08A /* LCSTestdir.m */; };
		CAA74BBA120A14D400D234F9 /* LCSDiskServiceTest.m in Sources */ = {isa = PBXBuildFile; fileRef = CA0DF0E111F71D8B0029B5F7 /* LCSDiskServiceTest.m */; };
		CAA74BBC120A14D400D234F9 /* LCSVaultImageServiceTest.m in Sources */ = {isa = PBXBuildFile; fileRef = CAA3ED1911F82DFC00CDFDC4 /* LCSVaultImageServiceTest.m */; };
		CAA74BBE120A14D400D234F9 /* LCSBlockCopyServiceTest.m in Sources */ = {isa = PBXBuildFile; fileRef = CAB8800712016C84004C8CCD /* LCSBlockCopyServiceTest.m */; };
/* End PBXBuildFile section */

/* Begin PBXContainerItemProxy section */
		CA6E13CD1200B87800627AD2 /* PBXContainerItemProxy */ = {
			isa = PBXContainerItemProxy;
			containerPortal = 08FB7793FE84155DC02AAC07 /* Project object */;
			proxyType = 1;
			remoteGlobalIDString = 8DD76F960486AA7600D96B5E;
			remoteInfo = rotavault;
		};
/* End PBXContainerItemProxy section */

/* Begin PBXCopyFilesBuildPhase section */
		8DD76F9E0486AA7600D96B5E /* CopyFiles */ = {
			isa = PBXCopyFilesBuildPhase;
			buildActionMask = 8;
			dstPath = /usr/share/man/man1/;
			dstSubfolderSpec = 0;
			files = (
			);
			runOnlyForDeploymentPostprocessing = 1;
		};
		CAA74BAD120A146600D234F9 /* CopyFiles */ = {
			isa = PBXCopyFilesBuildPhase;
			buildActionMask = 8;
			dstPath = /usr/share/man/man1/;
			dstSubfolderSpec = 0;
			files = (
			);
			runOnlyForDeploymentPostprocessing = 1;
		};
/* End PBXCopyFilesBuildPhase section */

/* Begin PBXFileReference section */
		08FB779EFE84155DC02AAC07 /* Foundation.framework */ = {isa = PBXFileReference; lastKnownFileType = wrapper.framework; name = Foundation.framework; path = /System/Library/Frameworks/Foundation.framework; sourceTree = "<absolute>"; };
		8DD76FA10486AA7600D96B5E /* rotavault */ = {isa = PBXFileReference; explicitFileType = "compiled.mach-o.executable"; includeInIndex = 0; path = rotavault; sourceTree = BUILT_PRODUCTS_DIR; };
		CA0DF0C911F71AB30029B5F7 /* Unit Tests.octest */ = {isa = PBXFileReference; explicitFileType = wrapper.cfbundle; includeInIndex = 0; path = "Unit Tests.octest"; sourceTree = BUILT_PRODUCTS_DIR; };
		CA0DF0CA11F71AB30029B5F7 /* Test-Info.plist */ = {isa = PBXFileReference; lastKnownFileType = text.plist.xml; path = "Test-Info.plist"; sourceTree = "<group>"; };
		CA0DF0DA11F71D8B0029B5F7 /* internals.txt */ = {isa = PBXFileReference; fileEncoding = 4; lastKnownFileType = text; path = internals.txt; sourceTree = "<group>"; };
		CA0DF0DB11F71D8B0029B5F7 /* rotavault.1 */ = {isa = PBXFileReference; fileEncoding = 4; lastKnownFileType = text.man; path = rotavault.1; sourceTree = "<group>"; };
		CA0DF0DD11F71D8B0029B5F7 /* rotavault.m */ = {isa = PBXFileReference; fileEncoding = 4; lastKnownFileType = sourcecode.c.objc; path = rotavault.m; sourceTree = "<group>"; };
		CA0DF0DE11F71D8B0029B5F7 /* rotavault_Prefix.pch */ = {isa = PBXFileReference; fileEncoding = 4; lastKnownFileType = sourcecode.c.h; path = rotavault_Prefix.pch; sourceTree = "<group>"; };
		CA0DF0E011F71D8B0029B5F7 /* LCSDiskServiceTest.h */ = {isa = PBXFileReference; fileEncoding = 4; lastKnownFileType = sourcecode.c.h; path = LCSDiskServiceTest.h; sourceTree = "<group>"; };
		CA0DF0E111F71D8B0029B5F7 /* LCSDiskServiceTest.m */ = {isa = PBXFileReference; fileEncoding = 4; lastKnownFileType = sourcecode.c.objc; path = LCSDiskServiceTest.m; sourceTree = "<group>"; };
		CA0DF11811F7216D0029B5F7 /* SenTestingKit.framework */ = {isa = PBXFileReference; lastKnownFileType = wrapper.framework; name = SenTestingKit.framework; path = Library/Frameworks/SenTestingKit.framework; sourceTree = DEVELOPER_DIR; };
		CA0DF18711F723400029B5F7 /* LCSDiskService.h */ = {isa = PBXFileReference; fileEncoding = 4; lastKnownFileType = sourcecode.c.h; path = LCSDiskService.h; sourceTree = "<group>"; };
		CA0DF18811F723400029B5F7 /* LCSDiskService.m */ = {isa = PBXFileReference; fileEncoding = 4; lastKnownFileType = sourcecode.c.objc; path = LCSDiskService.m; sourceTree = "<group>"; };
		CA2064B511F9A8E6003232AA /* LCSPassphraseReader.h */ = {isa = PBXFileReference; fileEncoding = 4; lastKnownFileType = sourcecode.c.h; path = LCSPassphraseReader.h; sourceTree = "<group>"; };
		CA20654611F9AE2F003232AA /* LCSOutputHandler.h */ = {isa = PBXFileReference; fileEncoding = 4; lastKnownFileType = sourcecode.c.h; path = LCSOutputHandler.h; sourceTree = "<group>"; };
		CAA3ED1511F82DE600CDFDC4 /* LCSVaultImageService.h */ = {isa = PBXFileReference; fileEncoding = 4; lastKnownFileType = sourcecode.c.h; path = LCSVaultImageService.h; sourceTree = "<group>"; };
		CAA3ED1611F82DE600CDFDC4 /* LCSVaultImageService.m */ = {isa = PBXFileReference; fileEncoding = 4; lastKnownFileType = sourcecode.c.objc; path = LCSVaultImageService.m; sourceTree = "<group>"; };
		CAA3ED1811F82DFC00CDFDC4 /* LCSVaultImageServiceTest.h */ = {isa = PBXFileReference; fileEncoding = 4; lastKnownFileType = sourcecode.c.h; path = LCSVaultImageServiceTest.h; sourceTree = "<group>"; };
		CAA3ED1911F82DFC00CDFDC4 /* LCSVaultImageServiceTest.m */ = {isa = PBXFileReference; fileEncoding = 4; lastKnownFileType = sourcecode.c.objc; path = LCSVaultImageServiceTest.m; sourceTree = "<group>"; };
		CAA66A561208887200E84193 /* LCSPlistTaskOutputHandler.h */ = {isa = PBXFileReference; fileEncoding = 4; lastKnownFileType = sourcecode.c.h; path = LCSPlistTaskOutputHandler.h; sourceTree = "<group>"; };
		CAA66A571208887200E84193 /* LCSPlistTaskOutputHandler.m */ = {isa = PBXFileReference; fileEncoding = 4; lastKnownFileType = sourcecode.c.objc; path = LCSPlistTaskOutputHandler.m; sourceTree = "<group>"; };
		CAA749F812092ED000D234F9 /* LCSPlistTaskOutputHandlerTest.h */ = {isa = PBXFileReference; fileEncoding = 4; lastKnownFileType = sourcecode.c.h; path = LCSPlistTaskOutputHandlerTest.h; sourceTree = "<group>"; };
		CAA749F912092ED000D234F9 /* LCSPlistTaskOutputHandlerTest.m */ = {isa = PBXFileReference; fileEncoding = 4; lastKnownFileType = sourcecode.c.objc; path = LCSPlistTaskOutputHandlerTest.m; sourceTree = "<group>"; };
		CAA74ADD120A12DB00D234F9 /* rotavault_test.m */ = {isa = PBXFileReference; fileEncoding = 4; lastKnownFileType = sourcecode.c.objc; path = rotavault_test.m; sourceTree = "<group>"; };
		CAA74BB1120A146600D234F9 /* rotavault_test */ = {isa = PBXFileReference; explicitFileType = "compiled.mach-o.executable"; includeInIndex = 0; path = rotavault_test; sourceTree = BUILT_PRODUCTS_DIR; };
		CAB72D79120708220093D08A /* LCSTestdir.h */ = {isa = PBXFileReference; fileEncoding = 4; lastKnownFileType = sourcecode.c.h; path = LCSTestdir.h; sourceTree = "<group>"; };
		CAB72D7A120708220093D08A /* LCSTestdir.m */ = {isa = PBXFileReference; fileEncoding = 4; lastKnownFileType = sourcecode.c.objc; path = LCSTestdir.m; sourceTree = "<group>"; };
		CAB8800612016C84004C8CCD /* LCSBlockCopyServiceTest.h */ = {isa = PBXFileReference; fileEncoding = 4; lastKnownFileType = sourcecode.c.h; path = LCSBlockCopyServiceTest.h; sourceTree = "<group>"; };
		CAB8800712016C84004C8CCD /* LCSBlockCopyServiceTest.m */ = {isa = PBXFileReference; fileEncoding = 4; lastKnownFileType = sourcecode.c.objc; path = LCSBlockCopyServiceTest.m; sourceTree = "<group>"; };
		CAB8808A12016CF3004C8CCD /* LCSBlockCopyService.h */ = {isa = PBXFileReference; fileEncoding = 4; lastKnownFileType = sourcecode.c.h; path = LCSBlockCopyService.h; sourceTree = "<group>"; };
		CAB8808B12016CF3004C8CCD /* LCSBlockCopyService.m */ = {isa = PBXFileReference; fileEncoding = 4; lastKnownFileType = sourcecode.c.objc; path = LCSBlockCopyService.m; sourceTree = "<group>"; };
		CAFCB1C911FDEDF2008A9D97 /* LCSStatusReporter.h */ = {isa = PBXFileReference; fileEncoding = 4; lastKnownFileType = sourcecode.c.h; path = LCSStatusReporter.h; sourceTree = "<group>"; };
/* End PBXFileReference section */

/* Begin PBXFrameworksBuildPhase section */
		8DD76F9B0486AA7600D96B5E /* Frameworks */ = {
			isa = PBXFrameworksBuildPhase;
			buildActionMask = 2147483647;
			files = (
				8DD76F9C0486AA7600D96B5E /* Foundation.framework in Frameworks */,
			);
			runOnlyForDeploymentPostprocessing = 0;
		};
		CA0DF0C611F71AB30029B5F7 /* Frameworks */ = {
			isa = PBXFrameworksBuildPhase;
			buildActionMask = 2147483647;
			files = (
			);
			runOnlyForDeploymentPostprocessing = 0;
		};
		CAA74BAB120A146600D234F9 /* Frameworks */ = {
			isa = PBXFrameworksBuildPhase;
			buildActionMask = 2147483647;
			files = (
				CAA74BB3120A149E00D234F9 /* SenTestingKit.framework in Frameworks */,
				CAA74BAC120A146600D234F9 /* Foundation.framework in Frameworks */,
			);
			runOnlyForDeploymentPostprocessing = 0;
		};
/* End PBXFrameworksBuildPhase section */

/* Begin PBXGroup section */
		08FB7794FE84155DC02AAC07 /* rotavault */ = {
			isa = PBXGroup;
			children = (
				CA0DF0D911F71D8B0029B5F7 /* docs */,
				CA0DF0DC11F71D8B0029B5F7 /* src */,
				CA0DF0DF11F71D8B0029B5F7 /* test */,
				08FB779DFE84155DC02AAC07 /* External Frameworks and Libraries */,
				1AB674ADFE9D54B511CA2CBB /* Products */,
				CA0DF0CA11F71AB30029B5F7 /* Test-Info.plist */,
			);
			name = rotavault;
			sourceTree = "<group>";
		};
		08FB779DFE84155DC02AAC07 /* External Frameworks and Libraries */ = {
			isa = PBXGroup;
			children = (
				08FB779EFE84155DC02AAC07 /* Foundation.framework */,
				CA0DF11811F7216D0029B5F7 /* SenTestingKit.framework */,
			);
			name = "External Frameworks and Libraries";
			sourceTree = "<group>";
		};
		1AB674ADFE9D54B511CA2CBB /* Products */ = {
			isa = PBXGroup;
			children = (
				8DD76FA10486AA7600D96B5E /* rotavault */,
				CA0DF0C911F71AB30029B5F7 /* Unit Tests.octest */,
				CAA74BB1120A146600D234F9 /* rotavault_test */,
			);
			name = Products;
			sourceTree = "<group>";
		};
		CA0DF0D911F71D8B0029B5F7 /* docs */ = {
			isa = PBXGroup;
			children = (
				CA0DF0DA11F71D8B0029B5F7 /* internals.txt */,
				CA0DF0DB11F71D8B0029B5F7 /* rotavault.1 */,
			);
			path = docs;
			sourceTree = "<group>";
		};
		CA0DF0DC11F71D8B0029B5F7 /* src */ = {
			isa = PBXGroup;
			children = (
				CAB8808A12016CF3004C8CCD /* LCSBlockCopyService.h */,
				CAB8808B12016CF3004C8CCD /* LCSBlockCopyService.m */,
				CA0DF18711F723400029B5F7 /* LCSDiskService.h */,
				CA0DF18811F723400029B5F7 /* LCSDiskService.m */,
				CA20654611F9AE2F003232AA /* LCSOutputHandler.h */,
				CA2064B511F9A8E6003232AA /* LCSPassphraseReader.h */,
				CAA66A561208887200E84193 /* LCSPlistTaskOutputHandler.h */,
				CAA66A571208887200E84193 /* LCSPlistTaskOutputHandler.m */,
				CAFCB1C911FDEDF2008A9D97 /* LCSStatusReporter.h */,
				CAA3ED1511F82DE600CDFDC4 /* LCSVaultImageService.h */,
				CAA3ED1611F82DE600CDFDC4 /* LCSVaultImageService.m */,
				CA0DF0DD11F71D8B0029B5F7 /* rotavault.m */,
				CA0DF0DE11F71D8B0029B5F7 /* rotavault_Prefix.pch */,
			);
			path = src;
			sourceTree = "<group>";
		};
		CA0DF0DF11F71D8B0029B5F7 /* test */ = {
			isa = PBXGroup;
			children = (
				CAB8800612016C84004C8CCD /* LCSBlockCopyServiceTest.h */,
				CAB8800712016C84004C8CCD /* LCSBlockCopyServiceTest.m */,
				CA0DF0E011F71D8B0029B5F7 /* LCSDiskServiceTest.h */,
				CA0DF0E111F71D8B0029B5F7 /* LCSDiskServiceTest.m */,
				CAA749F812092ED000D234F9 /* LCSPlistTaskOutputHandlerTest.h */,
				CAA749F912092ED000D234F9 /* LCSPlistTaskOutputHandlerTest.m */,
				CAB72D79120708220093D08A /* LCSTestdir.h */,
				CAB72D7A120708220093D08A /* LCSTestdir.m */,
				CAA3ED1811F82DFC00CDFDC4 /* LCSVaultImageServiceTest.h */,
				CAA3ED1911F82DFC00CDFDC4 /* LCSVaultImageServiceTest.m */,
				CAA74ADD120A12DB00D234F9 /* rotavault_test.m */,
			);
			path = test;
			sourceTree = "<group>";
		};
/* End PBXGroup section */

/* Begin PBXNativeTarget section */
		8DD76F960486AA7600D96B5E /* rotavault */ = {
			isa = PBXNativeTarget;
			buildConfigurationList = 1DEB927408733DD40010E9CD /* Build configuration list for PBXNativeTarget "rotavault" */;
			buildPhases = (
				8DD76F990486AA7600D96B5E /* Sources */,
				8DD76F9B0486AA7600D96B5E /* Frameworks */,
				8DD76F9E0486AA7600D96B5E /* CopyFiles */,
			);
			buildRules = (
			);
			dependencies = (
			);
			name = rotavault;
			productInstallPath = "$(HOME)/bin";
			productName = rotavault;
			productReference = 8DD76FA10486AA7600D96B5E /* rotavault */;
			productType = "com.apple.product-type.tool";
		};
		CA0DF0C811F71AB30029B5F7 /* Unit Tests */ = {
			isa = PBXNativeTarget;
			buildConfigurationList = CA0DF0CD11F71AB30029B5F7 /* Build configuration list for PBXNativeTarget "Unit Tests" */;
			buildPhases = (
				CA0DF0C411F71AB30029B5F7 /* Resources */,
				CA0DF0C511F71AB30029B5F7 /* Sources */,
				CA0DF0C611F71AB30029B5F7 /* Frameworks */,
				CA0DF0C711F71AB30029B5F7 /* ShellScript */,
			);
			buildRules = (
			);
			dependencies = (
				CA6E13CE1200B87800627AD2 /* PBXTargetDependency */,
			);
			name = "Unit Tests";
			productName = Test;
			productReference = CA0DF0C911F71AB30029B5F7 /* Unit Tests.octest */;
			productType = "com.apple.product-type.bundle";
		};
		CAA74BA4120A146600D234F9 /* rotavault_test */ = {
			isa = PBXNativeTarget;
			buildConfigurationList = CAA74BAE120A146600D234F9 /* Build configuration list for PBXNativeTarget "rotavault_test" */;
			buildPhases = (
				CAA74BA5120A146600D234F9 /* Sources */,
				CAA74BAB120A146600D234F9 /* Frameworks */,
				CAA74BAD120A146600D234F9 /* CopyFiles */,
			);
			buildRules = (
			);
			dependencies = (
			);
			name = rotavault_test;
			productInstallPath = "$(HOME)/bin";
			productName = rotavault;
			productReference = CAA74BB1120A146600D234F9 /* rotavault_test */;
			productType = "com.apple.product-type.tool";
		};
/* End PBXNativeTarget section */

/* Begin PBXProject section */
		08FB7793FE84155DC02AAC07 /* Project object */ = {
			isa = PBXProject;
			attributes = {
				ORGANIZATIONNAME = znerol.ch;
			};
			buildConfigurationList = 1DEB927808733DD40010E9CD /* Build configuration list for PBXProject "rotavault" */;
			compatibilityVersion = "Xcode 3.0";
			hasScannedForEncodings = 1;
			mainGroup = 08FB7794FE84155DC02AAC07 /* rotavault */;
			projectDirPath = "";
			projectRoot = "";
			targets = (
				8DD76F960486AA7600D96B5E /* rotavault */,
				CA0DF0C811F71AB30029B5F7 /* Unit Tests */,
				CAA74BA4120A146600D234F9 /* rotavault_test */,
			);
		};
/* End PBXProject section */

/* Begin PBXResourcesBuildPhase section */
		CA0DF0C411F71AB30029B5F7 /* Resources */ = {
			isa = PBXResourcesBuildPhase;
			buildActionMask = 2147483647;
			files = (
			);
			runOnlyForDeploymentPostprocessing = 0;
		};
/* End PBXResourcesBuildPhase section */

/* Begin PBXShellScriptBuildPhase section */
		CA0DF0C711F71AB30029B5F7 /* ShellScript */ = {
			isa = PBXShellScriptBuildPhase;
			buildActionMask = 2147483647;
			files = (
			);
			inputPaths = (
			);
			outputPaths = (
			);
			runOnlyForDeploymentPostprocessing = 0;
			shellPath = /bin/sh;
			shellScript = "# Run the unit tests in this test bundle.\n# \"${SYSTEM_DEVELOPER_DIR}/Tools/RunUnitTests\"\n";
		};
/* End PBXShellScriptBuildPhase section */

/* Begin PBXSourcesBuildPhase section */
		8DD76F990486AA7600D96B5E /* Sources */ = {
			isa = PBXSourcesBuildPhase;
			buildActionMask = 2147483647;
			files = (
				CA0DF0E311F71DA10029B5F7 /* rotavault.m in Sources */,
				CA0DF18911F723400029B5F7 /* LCSDiskService.m in Sources */,
				CAA3ED1711F82DE600CDFDC4 /* LCSVaultImageService.m in Sources */,
				CAA66A581208887200E84193 /* LCSPlistTaskOutputHandler.m in Sources */,
				CAA74A67120936E800D234F9 /* LCSBlockCopyService.m in Sources */,
			);
			runOnlyForDeploymentPostprocessing = 0;
		};
		CA0DF0C511F71AB30029B5F7 /* Sources */ = {
			isa = PBXSourcesBuildPhase;
			buildActionMask = 2147483647;
			files = (
				CAA74A38120930AE00D234F9 /* LCSTestdir.m in Sources */,
				CAA74A241209307D00D234F9 /* LCSDiskServiceTest.m in Sources */,
				CAA749FA12092ED000D234F9 /* LCSPlistTaskOutputHandlerTest.m in Sources */,
				CAA74A34120930A100D234F9 /* LCSVaultImageServiceTest.m in Sources */,
				CAA74A5A1209365A00D234F9 /* LCSBlockCopyServiceTest.m in Sources */,
			);
			runOnlyForDeploymentPostprocessing = 0;
		};
		CAA74BA5120A146600D234F9 /* Sources */ = {
			isa = PBXSourcesBuildPhase;
			buildActionMask = 2147483647;
			files = (
				CAA74BB6120A14CD00D234F9 /* rotavault_test.m in Sources */,
				CAA74BA7120A146600D234F9 /* LCSDiskService.m in Sources */,
				CAA74BA8120A146600D234F9 /* LCSVaultImageService.m in Sources */,
				CAA74BA9120A146600D234F9 /* LCSPlistTaskOutputHandler.m in Sources */,
				CAA74BAA120A146600D234F9 /* LCSBlockCopyService.m in Sources */,
				CAA74BB8120A14D400D234F9 /* LCSTestdir.m in Sources */,
				CAA74BBA120A14D400D234F9 /* LCSDiskServiceTest.m in Sources */,
				CAA74BBC120A14D400D234F9 /* LCSVaultImageServiceTest.m in Sources */,
				CAA74BBE120A14D400D234F9 /* LCSBlockCopyServiceTest.m in Sources */,
			);
			runOnlyForDeploymentPostprocessing = 0;
		};
/* End PBXSourcesBuildPhase section */

/* Begin PBXTargetDependency section */
		CA6E13CE1200B87800627AD2 /* PBXTargetDependency */ = {
			isa = PBXTargetDependency;
			target = 8DD76F960486AA7600D96B5E /* rotavault */;
			targetProxy = CA6E13CD1200B87800627AD2 /* PBXContainerItemProxy */;
		};
/* End PBXTargetDependency section */

/* Begin XCBuildConfiguration section */
		1DEB927508733DD40010E9CD /* Debug */ = {
			isa = XCBuildConfiguration;
			buildSettings = {
				ALWAYS_SEARCH_USER_PATHS = NO;
				COPY_PHASE_STRIP = NO;
				GCC_DYNAMIC_NO_PIC = NO;
				GCC_ENABLE_FIX_AND_CONTINUE = YES;
				GCC_MODEL_TUNING = G5;
				GCC_OPTIMIZATION_LEVEL = 0;
				GCC_PRECOMPILE_PREFIX_HEADER = NO;
				GCC_PREFIX_HEADER = src/rotavault_Prefix.pch;
				INSTALL_PATH = /usr/local/bin;
				PRODUCT_NAME = rotavault;
			};
			name = Debug;
		};
		1DEB927608733DD40010E9CD /* Release */ = {
			isa = XCBuildConfiguration;
			buildSettings = {
				ALWAYS_SEARCH_USER_PATHS = NO;
				DEBUG_INFORMATION_FORMAT = "dwarf-with-dsym";
				GCC_MODEL_TUNING = G5;
				GCC_PRECOMPILE_PREFIX_HEADER = NO;
				GCC_PREFIX_HEADER = src/rotavault_Prefix.pch;
				INSTALL_PATH = /usr/local/bin;
				PRODUCT_NAME = rotavault;
			};
			name = Release;
		};
		1DEB927908733DD40010E9CD /* Debug */ = {
			isa = XCBuildConfiguration;
			buildSettings = {
				ARCHS = "$(ONLY_ACTIVE_ARCH_PRE_XCODE_3_1)";
				GCC_C_LANGUAGE_STANDARD = gnu99;
				GCC_OPTIMIZATION_LEVEL = 0;
				GCC_PRECOMPILE_PREFIX_HEADER = YES;
				GCC_VERSION = "";
				GCC_WARN_ABOUT_RETURN_TYPE = YES;
				GCC_WARN_UNUSED_VARIABLE = YES;
				ONLY_ACTIVE_ARCH_PRE_XCODE_3_1 = "$(NATIVE_ARCH_ACTUAL)";
				PREBINDING = NO;
				SDKROOT = "$(DEVELOPER_SDK_DIR)/MacOSX10.5.sdk";
			};
			name = Debug;
		};
		1DEB927A08733DD40010E9CD /* Release */ = {
			isa = XCBuildConfiguration;
			buildSettings = {
				ARCHS = "$(ARCHS_STANDARD_32_64_BIT_PRE_XCODE_3_1)";
				ARCHS_STANDARD_32_64_BIT_PRE_XCODE_3_1 = "x86_64 i386 ppc";
				GCC_C_LANGUAGE_STANDARD = gnu99;
				GCC_PRECOMPILE_PREFIX_HEADER = YES;
				GCC_VERSION = "";
				GCC_WARN_ABOUT_RETURN_TYPE = YES;
				GCC_WARN_UNUSED_VARIABLE = YES;
				PREBINDING = NO;
				SDKROOT = "$(DEVELOPER_SDK_DIR)/MacOSX10.5.sdk";
			};
			name = Release;
		};
		CA0DF0CB11F71AB30029B5F7 /* Debug */ = {
			isa = XCBuildConfiguration;
			buildSettings = {
				ALWAYS_SEARCH_USER_PATHS = NO;
				BUNDLE_LOADER = "$(CONFIGURATION_BUILD_DIR)/rotavault";
				COPY_PHASE_STRIP = NO;
				FRAMEWORK_SEARCH_PATHS = "$(DEVELOPER_LIBRARY_DIR)/Frameworks";
				GCC_DYNAMIC_NO_PIC = NO;
				GCC_ENABLE_FIX_AND_CONTINUE = NO;
				GCC_ENABLE_OBJC_EXCEPTIONS = YES;
				GCC_MODEL_TUNING = G5;
				GCC_OPTIMIZATION_LEVEL = 0;
				GCC_PRECOMPILE_PREFIX_HEADER = YES;
				GCC_PREFIX_HEADER = "$(SYSTEM_LIBRARY_DIR)/Frameworks/Cocoa.framework/Headers/Cocoa.h";
				INFOPLIST_FILE = "Test-Info.plist";
				INSTALL_PATH = "$(USER_LIBRARY_DIR)/Bundles";
				OTHER_LDFLAGS = (
					"-framework",
					Cocoa,
					"-framework",
					SenTestingKit,
				);
				PREBINDING = NO;
				PRODUCT_NAME = "Unit Tests";
				TEST_HOST = "$(BUNDLE_LOADER)";
				WRAPPER_EXTENSION = octest;
			};
			name = Debug;
		};
		CA0DF0CC11F71AB30029B5F7 /* Release */ = {
			isa = XCBuildConfiguration;
			buildSettings = {
				ALWAYS_SEARCH_USER_PATHS = NO;
				BUNDLE_LOADER = "$(CONFIGURATION_BUILD_DIR)/rotavault";
				COPY_PHASE_STRIP = YES;
				DEBUG_INFORMATION_FORMAT = "dwarf-with-dsym";
				FRAMEWORK_SEARCH_PATHS = "$(DEVELOPER_LIBRARY_DIR)/Frameworks";
				GCC_ENABLE_FIX_AND_CONTINUE = NO;
				GCC_ENABLE_OBJC_EXCEPTIONS = YES;
				GCC_MODEL_TUNING = G5;
				GCC_PRECOMPILE_PREFIX_HEADER = YES;
				GCC_PREFIX_HEADER = "$(SYSTEM_LIBRARY_DIR)/Frameworks/Cocoa.framework/Headers/Cocoa.h";
				INFOPLIST_FILE = "Test-Info.plist";
				INSTALL_PATH = "$(USER_LIBRARY_DIR)/Bundles";
				OTHER_LDFLAGS = (
					"-framework",
					Cocoa,
					"-framework",
					SenTestingKit,
				);
				PREBINDING = NO;
				PRODUCT_NAME = "Unit Tests";
				TEST_HOST = "$(BUNDLE_LOADER)";
				WRAPPER_EXTENSION = octest;
				ZERO_LINK = NO;
			};
			name = Release;
		};
		CAA74BAF120A146600D234F9 /* Debug */ = {
			isa = XCBuildConfiguration;
			buildSettings = {
				ALWAYS_SEARCH_USER_PATHS = NO;
				COPY_PHASE_STRIP = NO;
				FRAMEWORK_SEARCH_PATHS = (
					"$(inherited)",
					"\"$(DEVELOPER_FRAMEWORKS_DIR)\"",
				);
				GCC_DYNAMIC_NO_PIC = NO;
				GCC_ENABLE_FIX_AND_CONTINUE = YES;
				GCC_MODEL_TUNING = G5;
				GCC_OPTIMIZATION_LEVEL = 0;
				GCC_PRECOMPILE_PREFIX_HEADER = NO;
				GCC_PREFIX_HEADER = src/rotavault_Prefix.pch;
				INSTALL_PATH = /usr/local/bin;
				PRODUCT_NAME = rotavault_test;
			};
			name = Debug;
		};
		CAA74BB0120A146600D234F9 /* Release */ = {
			isa = XCBuildConfiguration;
			buildSettings = {
				ALWAYS_SEARCH_USER_PATHS = NO;
				DEBUG_INFORMATION_FORMAT = "dwarf-with-dsym";
				FRAMEWORK_SEARCH_PATHS = (
					"$(inherited)",
					"\"$(DEVELOPER_FRAMEWORKS_DIR)\"",
				);
				GCC_MODEL_TUNING = G5;
				GCC_PRECOMPILE_PREFIX_HEADER = NO;
				GCC_PREFIX_HEADER = src/rotavault_Prefix.pch;
				INSTALL_PATH = /usr/local/bin;
				PRODUCT_NAME = rotavault;
			};
			name = Release;
		};
/* End XCBuildConfiguration section */

/* Begin XCConfigurationList section */
		1DEB927408733DD40010E9CD /* Build configuration list for PBXNativeTarget "rotavault" */ = {
			isa = XCConfigurationList;
			buildConfigurations = (
				1DEB927508733DD40010E9CD /* Debug */,
				1DEB927608733DD40010E9CD /* Release */,
			);
			defaultConfigurationIsVisible = 0;
			defaultConfigurationName = Release;
		};
		1DEB927808733DD40010E9CD /* Build configuration list for PBXProject "rotavault" */ = {
			isa = XCConfigurationList;
			buildConfigurations = (
				1DEB927908733DD40010E9CD /* Debug */,
				1DEB927A08733DD40010E9CD /* Release */,
			);
			defaultConfigurationIsVisible = 0;
			defaultConfigurationName = Release;
		};
		CA0DF0CD11F71AB30029B5F7 /* Build configuration list for PBXNativeTarget "Unit Tests" */ = {
			isa = XCConfigurationList;
			buildConfigurations = (
				CA0DF0CB11F71AB30029B5F7 /* Debug */,
				CA0DF0CC11F71AB30029B5F7 /* Release */,
			);
			defaultConfigurationIsVisible = 0;
			defaultConfigurationName = Release;
		};
		CAA74BAE120A146600D234F9 /* Build configuration list for PBXNativeTarget "rotavault_test" */ = {
			isa = XCConfigurationList;
			buildConfigurations = (
				CAA74BAF120A146600D234F9 /* Debug */,
				CAA74BB0120A146600D234F9 /* Release */,
			);
			defaultConfigurationIsVisible = 0;
			defaultConfigurationName = Release;
		};
/* End XCConfigurationList section */
	};
	rootObject = 08FB7793FE84155DC02AAC07 /* Project object */;
}
