// !$*UTF8*$!
{
	archiveVersion = 1;
	classes = {
	};
	objectVersion = 44;
	objects = {

/* Begin PBXBuildFile section */
		8DD76F9C0486AA7600D96B5E /* Foundation.framework in Frameworks */ = {isa = PBXBuildFile; fileRef = 08FB779EFE84155DC02AAC07 /* Foundation.framework */; };
		CA0DF0E311F71DA10029B5F7 /* rotavault.m in Sources */ = {isa = PBXBuildFile; fileRef = CA0DF0DD11F71D8B0029B5F7 /* rotavault.m */; };
		CA238BA01217DB2B00571636 /* LCSPlistTaskOperation.m in Sources */ = {isa = PBXBuildFile; fileRef = CAB1BD61120C1C860076DB12 /* LCSPlistTaskOperation.m */; };
		CA238BA11217DB3000571636 /* LCSPlistTaskOperationTest.m in Sources */ = {isa = PBXBuildFile; fileRef = CAB1BD93120C1E800076DB12 /* LCSPlistTaskOperationTest.m */; };
		CA28AF0912132AB900C9BE6F /* LCSVerifyDiskInfoChecksumOperation.m in Sources */ = {isa = PBXBuildFile; fileRef = CA28AF0812132AB900C9BE6F /* LCSVerifyDiskInfoChecksumOperation.m */; };
		CA28AF0A12132AB900C9BE6F /* LCSVerifyDiskInfoChecksumOperation.m in Sources */ = {isa = PBXBuildFile; fileRef = CA28AF0812132AB900C9BE6F /* LCSVerifyDiskInfoChecksumOperation.m */; };
		CA28AF2012132C7600C9BE6F /* CoreServices.framework in Frameworks */ = {isa = PBXBuildFile; fileRef = CA28AF1F12132C7600C9BE6F /* CoreServices.framework */; };
		CA28AF3212132D4000C9BE6F /* LCSOperation.m in Sources */ = {isa = PBXBuildFile; fileRef = CA28AF3112132D4000C9BE6F /* LCSOperation.m */; };
		CA28AF3312132D4000C9BE6F /* LCSOperation.m in Sources */ = {isa = PBXBuildFile; fileRef = CA28AF3112132D4000C9BE6F /* LCSOperation.m */; };
		CA28B00312134EDD00C9BE6F /* LCSCalculateVolumeUsedSpaceOperation.m in Sources */ = {isa = PBXBuildFile; fileRef = CA28B00212134EDD00C9BE6F /* LCSCalculateVolumeUsedSpaceOperation.m */; };
		CA28B00412134EDD00C9BE6F /* LCSCalculateVolumeUsedSpaceOperation.m in Sources */ = {isa = PBXBuildFile; fileRef = CA28B00212134EDD00C9BE6F /* LCSCalculateVolumeUsedSpaceOperation.m */; };
		CA2E63901212AB760031C4FA /* NSOperationQueue+NonBlockingWaitUntilFinished.m in Sources */ = {isa = PBXBuildFile; fileRef = CA2E638F1212AB760031C4FA /* NSOperationQueue+NonBlockingWaitUntilFinished.m */; };
		CA2E63F81212C34D0031C4FA /* NSOperationQueue+NonBlockingWaitUntilFinished.m in Sources */ = {isa = PBXBuildFile; fileRef = CA2E638F1212AB760031C4FA /* NSOperationQueue+NonBlockingWaitUntilFinished.m */; };
		CA2E64991212CF980031C4FA /* LCSSignalHandler.m in Sources */ = {isa = PBXBuildFile; fileRef = CA2E64981212CF980031C4FA /* LCSSignalHandler.m */; };
		CA2E649B1212CF980031C4FA /* LCSSignalHandler.m in Sources */ = {isa = PBXBuildFile; fileRef = CA2E64981212CF980031C4FA /* LCSSignalHandler.m */; };
		CA2E6538121300C70031C4FA /* LCSNanosecondTimer.m in Sources */ = {isa = PBXBuildFile; fileRef = CA2E6537121300C70031C4FA /* LCSNanosecondTimer.m */; };
		CA2E653A121300C70031C4FA /* LCSNanosecondTimer.m in Sources */ = {isa = PBXBuildFile; fileRef = CA2E6537121300C70031C4FA /* LCSNanosecondTimer.m */; };
		CA45B9581215727D00D3E40A /* LCSOperation.m in Sources */ = {isa = PBXBuildFile; fileRef = CA28AF3112132D4000C9BE6F /* LCSOperation.m */; };
		CA45B9C31215824E00D3E40A /* LCSSimpleOperationParameter.m in Sources */ = {isa = PBXBuildFile; fileRef = CA45B9C21215824E00D3E40A /* LCSSimpleOperationParameter.m */; };
		CA45B9C41215824E00D3E40A /* LCSSimpleOperationParameter.m in Sources */ = {isa = PBXBuildFile; fileRef = CA45B9C21215824E00D3E40A /* LCSSimpleOperationParameter.m */; };
		CA45B9C51215824E00D3E40A /* LCSSimpleOperationParameter.m in Sources */ = {isa = PBXBuildFile; fileRef = CA45B9C21215824E00D3E40A /* LCSSimpleOperationParameter.m */; };
		CA45B9CF1215842800D3E40A /* LCSKeyValueOperationParameter.m in Sources */ = {isa = PBXBuildFile; fileRef = CA45B9CE1215842800D3E40A /* LCSKeyValueOperationParameter.m */; };
		CA45B9D01215842800D3E40A /* LCSKeyValueOperationParameter.m in Sources */ = {isa = PBXBuildFile; fileRef = CA45B9CE1215842800D3E40A /* LCSKeyValueOperationParameter.m */; };
		CA45B9D11215842800D3E40A /* LCSKeyValueOperationParameter.m in Sources */ = {isa = PBXBuildFile; fileRef = CA45B9CE1215842800D3E40A /* LCSKeyValueOperationParameter.m */; };
		CA45BA1512158F1D00D3E40A /* LCSSimpleOperationParameterTest.m in Sources */ = {isa = PBXBuildFile; fileRef = CA45BA1412158F1D00D3E40A /* LCSSimpleOperationParameterTest.m */; };
		CA45BA1612158F1D00D3E40A /* LCSSimpleOperationParameterTest.m in Sources */ = {isa = PBXBuildFile; fileRef = CA45BA1412158F1D00D3E40A /* LCSSimpleOperationParameterTest.m */; };
		CA45BA21121591C000D3E40A /* LCSKeyValueOperationParameterTest.m in Sources */ = {isa = PBXBuildFile; fileRef = CA45BA20121591C000D3E40A /* LCSKeyValueOperationParameterTest.m */; };
		CA45BA22121591C000D3E40A /* LCSKeyValueOperationParameterTest.m in Sources */ = {isa = PBXBuildFile; fileRef = CA45BA20121591C000D3E40A /* LCSKeyValueOperationParameterTest.m */; };
		CA45BA4D12159CB400D3E40A /* LCSTestdir.m in Sources */ = {isa = PBXBuildFile; fileRef = CAB72D7A120708220093D08A /* LCSTestdir.m */; };
		CA45BA5812159D0A00D3E40A /* LCSTaskOperationError.m in Sources */ = {isa = PBXBuildFile; fileRef = CAA635B8120C0E080036B643 /* LCSTaskOperationError.m */; };
		CA45BA5912159D0C00D3E40A /* LCSTaskOperation.m in Sources */ = {isa = PBXBuildFile; fileRef = CAA635BD120C0F0E0036B643 /* LCSTaskOperation.m */; };
		CA45BA5A12159D0F00D3E40A /* LCSRotavaultErrorDomain.m in Sources */ = {isa = PBXBuildFile; fileRef = CAB1C0CE120C66D10076DB12 /* LCSRotavaultErrorDomain.m */; };
		CA45BA5B12159D1A00D3E40A /* NSOperationQueue+NonBlockingWaitUntilFinished.m in Sources */ = {isa = PBXBuildFile; fileRef = CA2E638F1212AB760031C4FA /* NSOperationQueue+NonBlockingWaitUntilFinished.m */; };
		CA45BA5C12159D2300D3E40A /* LCSTaskOperationTest.m in Sources */ = {isa = PBXBuildFile; fileRef = CAB1BEFF120C3D8A0076DB12 /* LCSTaskOperationTest.m */; };
		CA45BABF1215A8F100D3E40A /* LCSOperationParameterMarker.m in Sources */ = {isa = PBXBuildFile; fileRef = CA45BABE1215A8F100D3E40A /* LCSOperationParameterMarker.m */; };
		CA45BAC01215A8F100D3E40A /* LCSOperationParameterMarker.m in Sources */ = {isa = PBXBuildFile; fileRef = CA45BABE1215A8F100D3E40A /* LCSOperationParameterMarker.m */; };
		CA54744A120B66120014E9E8 /* LCSBlockCopyOperation.m in Sources */ = {isa = PBXBuildFile; fileRef = CA547448120B66120014E9E8 /* LCSBlockCopyOperation.m */; };
		CA547492120B76F80014E9E8 /* LCSBlockCopyOperationTest.m in Sources */ = {isa = PBXBuildFile; fileRef = CA547490120B76F80014E9E8 /* LCSBlockCopyOperationTest.m */; };
		CA60E235122AE04700DE6A3B /* LCSPlistTaskOperationBase.m in Sources */ = {isa = PBXBuildFile; fileRef = CA60E234122AE04700DE6A3B /* LCSPlistTaskOperationBase.m */; };
		CA60E236122AE04700DE6A3B /* LCSPlistTaskOperationBase.m in Sources */ = {isa = PBXBuildFile; fileRef = CA60E234122AE04700DE6A3B /* LCSPlistTaskOperationBase.m */; };
		CA60E237122AE04700DE6A3B /* LCSPlistTaskOperationBase.m in Sources */ = {isa = PBXBuildFile; fileRef = CA60E234122AE04700DE6A3B /* LCSPlistTaskOperationBase.m */; };
		CA7D62B612295FF000FB42C4 /* LCSCommand.m in Sources */ = {isa = PBXBuildFile; fileRef = CA7D62B412295FF000FB42C4 /* LCSCommand.m */; };
		CA7D62B712295FF000FB42C4 /* LCSCommand.m in Sources */ = {isa = PBXBuildFile; fileRef = CA7D62B412295FF000FB42C4 /* LCSCommand.m */; };
		CA9488821211895B00415257 /* rvcopyd.m in Sources */ = {isa = PBXBuildFile; fileRef = CA9488811211895B00415257 /* rvcopyd.m */; };
		CA948894121189DC00415257 /* LCSBlockCopyOperation.m in Sources */ = {isa = PBXBuildFile; fileRef = CA547448120B66120014E9E8 /* LCSBlockCopyOperation.m */; };
		CA948895121189DE00415257 /* LCSDiskUtilOperation.m in Sources */ = {isa = PBXBuildFile; fileRef = CAC655FB120EB3A700069286 /* LCSDiskUtilOperation.m */; };
		CA948896121189E000415257 /* LCSPlistTaskOperation.m in Sources */ = {isa = PBXBuildFile; fileRef = CAB1BD61120C1C860076DB12 /* LCSPlistTaskOperation.m */; };
		CA948897121189E100415257 /* LCSRotavaultErrorDomain.m in Sources */ = {isa = PBXBuildFile; fileRef = CAB1C0CE120C66D10076DB12 /* LCSRotavaultErrorDomain.m */; };
		CA948898121189E200415257 /* LCSTaskOperation.m in Sources */ = {isa = PBXBuildFile; fileRef = CAA635BD120C0F0E0036B643 /* LCSTaskOperation.m */; };
		CA948899121189E700415257 /* LCSTaskOperationError.m in Sources */ = {isa = PBXBuildFile; fileRef = CAA635B8120C0E080036B643 /* LCSTaskOperationError.m */; };
		CA9E2D59120F398D006C4DE7 /* OCMock.framework in Frameworks */ = {isa = PBXBuildFile; fileRef = CA9E2D58120F398D006C4DE7 /* OCMock.framework */; };
		CA9E2D5A120F398D006C4DE7 /* OCMock.framework in Frameworks */ = {isa = PBXBuildFile; fileRef = CA9E2D58120F398D006C4DE7 /* OCMock.framework */; };
		CAA635BA120C0E080036B643 /* LCSTaskOperationError.m in Sources */ = {isa = PBXBuildFile; fileRef = CAA635B8120C0E080036B643 /* LCSTaskOperationError.m */; };
		CAA635BF120C0F0E0036B643 /* LCSTaskOperation.m in Sources */ = {isa = PBXBuildFile; fileRef = CAA635BD120C0F0E0036B643 /* LCSTaskOperation.m */; };
		CAA74A38120930AE00D234F9 /* LCSTestdir.m in Sources */ = {isa = PBXBuildFile; fileRef = CAB72D7A120708220093D08A /* LCSTestdir.m */; };
		CAA74BAC120A146600D234F9 /* Foundation.framework in Frameworks */ = {isa = PBXBuildFile; fileRef = 08FB779EFE84155DC02AAC07 /* Foundation.framework */; };
		CAA74BB3120A149E00D234F9 /* SenTestingKit.framework in Frameworks */ = {isa = PBXBuildFile; fileRef = CA0DF11811F7216D0029B5F7 /* SenTestingKit.framework */; };
		CAA74BB6120A14CD00D234F9 /* rotavault_test.m in Sources */ = {isa = PBXBuildFile; fileRef = CAA74ADD120A12DB00D234F9 /* rotavault_test.m */; };
		CAAB12D61215B3B500A22678 /* LCSTaskOperationBase.m in Sources */ = {isa = PBXBuildFile; fileRef = CAAB12D51215B3B500A22678 /* LCSTaskOperationBase.m */; };
		CAAB12D71215B3B500A22678 /* LCSTaskOperationBase.m in Sources */ = {isa = PBXBuildFile; fileRef = CAAB12D51215B3B500A22678 /* LCSTaskOperationBase.m */; };
		CAB1BD62120C1C860076DB12 /* LCSPlistTaskOperation.m in Sources */ = {isa = PBXBuildFile; fileRef = CAB1BD61120C1C860076DB12 /* LCSPlistTaskOperation.m */; };
		CAB1BD95120C1E800076DB12 /* LCSPlistTaskOperationTest.m in Sources */ = {isa = PBXBuildFile; fileRef = CAB1BD93120C1E800076DB12 /* LCSPlistTaskOperationTest.m */; };
		CAB1BF01120C3D8A0076DB12 /* LCSTaskOperationTest.m in Sources */ = {isa = PBXBuildFile; fileRef = CAB1BEFF120C3D8A0076DB12 /* LCSTaskOperationTest.m */; };
		CAB1C0D0120C66D10076DB12 /* LCSRotavaultErrorDomain.m in Sources */ = {isa = PBXBuildFile; fileRef = CAB1C0CE120C66D10076DB12 /* LCSRotavaultErrorDomain.m */; };
		CAB8931A12295546003C3308 /* LCSTaskOperationBase.m in Sources */ = {isa = PBXBuildFile; fileRef = CAAB12D51215B3B500A22678 /* LCSTaskOperationBase.m */; };
		CAB8931B12295548003C3308 /* LCSOperationParameterMarker.m in Sources */ = {isa = PBXBuildFile; fileRef = CA45BABE1215A8F100D3E40A /* LCSOperationParameterMarker.m */; };
		CAC655FC120EB3A700069286 /* LCSDiskUtilOperation.m in Sources */ = {isa = PBXBuildFile; fileRef = CAC655FB120EB3A700069286 /* LCSDiskUtilOperation.m */; };
		CAC65617120EB74200069286 /* LCSDiskUtilOperationTest.m in Sources */ = {isa = PBXBuildFile; fileRef = CAC65615120EB74200069286 /* LCSDiskUtilOperationTest.m */; };
		CAC65695120EBF7100069286 /* LCSHdiUtilPlistOperation.m in Sources */ = {isa = PBXBuildFile; fileRef = CAC65694120EBF7100069286 /* LCSHdiUtilPlistOperation.m */; };
		CAC656E5120EC41E00069286 /* LCSHdiUtilPlistOperationTest.m in Sources */ = {isa = PBXBuildFile; fileRef = CAC656E4120EC41E00069286 /* LCSHdiUtilPlistOperationTest.m */; };
		CAC657E9120EDC9400069286 /* LCSHdiUtilWithProgressOperation.m in Sources */ = {isa = PBXBuildFile; fileRef = CAC657E8120EDC9400069286 /* LCSHdiUtilWithProgressOperation.m */; };
		CAC65827120EE1F100069286 /* LCSTaskOperation+TestPassword.m in Sources */ = {isa = PBXBuildFile; fileRef = CAC65825120EE1F100069286 /* LCSTaskOperation+TestPassword.m */; };
		CAC65848120EE39000069286 /* LCSHdiUtilWithProgressOperationTest.m in Sources */ = {isa = PBXBuildFile; fileRef = CAC65846120EE39000069286 /* LCSHdiUtilWithProgressOperationTest.m */; };
		CAEF3DCB12242790000C2D98 /* LCSTaskOperation+TestPassword.m in Sources */ = {isa = PBXBuildFile; fileRef = CAC65825120EE1F100069286 /* LCSTaskOperation+TestPassword.m */; };
		CAEF3DD0122427B6000C2D98 /* LCSBlockCopyOperation.m in Sources */ = {isa = PBXBuildFile; fileRef = CA547448120B66120014E9E8 /* LCSBlockCopyOperation.m */; };
		CAEF3DD1122427B8000C2D98 /* LCSDiskUtilOperation.m in Sources */ = {isa = PBXBuildFile; fileRef = CAC655FB120EB3A700069286 /* LCSDiskUtilOperation.m */; };
		CAEF3DD2122427B9000C2D98 /* LCSHdiUtilPlistOperation.m in Sources */ = {isa = PBXBuildFile; fileRef = CAC65694120EBF7100069286 /* LCSHdiUtilPlistOperation.m */; };
		CAEF3DD3122427BA000C2D98 /* LCSHdiUtilWithProgressOperation.m in Sources */ = {isa = PBXBuildFile; fileRef = CAC657E8120EDC9400069286 /* LCSHdiUtilWithProgressOperation.m */; };
		CAFED5A91224524300F27A23 /* LCSHdiUtilWithProgressOperationTest.m in Sources */ = {isa = PBXBuildFile; fileRef = CAC65846120EE39000069286 /* LCSHdiUtilWithProgressOperationTest.m */; };
		CAFED615122456FD00F27A23 /* LCSHdiUtilPlistOperationTest.m in Sources */ = {isa = PBXBuildFile; fileRef = CAC656E4120EC41E00069286 /* LCSHdiUtilPlistOperationTest.m */; };
		CAFED61E1224570F00F27A23 /* LCSDiskUtilOperationTest.m in Sources */ = {isa = PBXBuildFile; fileRef = CAC65615120EB74200069286 /* LCSDiskUtilOperationTest.m */; };
		CAFED6291224577A00F27A23 /* LCSBlockCopyOperationTest.m in Sources */ = {isa = PBXBuildFile; fileRef = CA547490120B76F80014E9E8 /* LCSBlockCopyOperationTest.m */; };
/* End PBXBuildFile section */

/* Begin PBXContainerItemProxy section */
		CA6E13CD1200B87800627AD2 /* PBXContainerItemProxy */ = {
			isa = PBXContainerItemProxy;
			containerPortal = 08FB7793FE84155DC02AAC07 /* Project object */;
			proxyType = 1;
			remoteGlobalIDString = 8DD76F960486AA7600D96B5E;
			remoteInfo = rotavault;
		};
/* End PBXContainerItemProxy section */

/* Begin PBXCopyFilesBuildPhase section */
		8DD76F9E0486AA7600D96B5E /* CopyFiles */ = {
			isa = PBXCopyFilesBuildPhase;
			buildActionMask = 8;
			dstPath = /usr/share/man/man1/;
			dstSubfolderSpec = 0;
			files = (
			);
			runOnlyForDeploymentPostprocessing = 1;
		};
		CAA74BAD120A146600D234F9 /* CopyFiles */ = {
			isa = PBXCopyFilesBuildPhase;
			buildActionMask = 8;
			dstPath = /usr/share/man/man1/;
			dstSubfolderSpec = 0;
			files = (
			);
			runOnlyForDeploymentPostprocessing = 1;
		};
/* End PBXCopyFilesBuildPhase section */

/* Begin PBXFileReference section */
		08FB779EFE84155DC02AAC07 /* Foundation.framework */ = {isa = PBXFileReference; lastKnownFileType = wrapper.framework; name = Foundation.framework; path = /System/Library/Frameworks/Foundation.framework; sourceTree = "<absolute>"; };
		8DD76FA10486AA7600D96B5E /* rotavault */ = {isa = PBXFileReference; explicitFileType = "compiled.mach-o.executable"; includeInIndex = 0; path = rotavault; sourceTree = BUILT_PRODUCTS_DIR; };
		CA0DF0C911F71AB30029B5F7 /* Unit Tests.octest */ = {isa = PBXFileReference; explicitFileType = wrapper.cfbundle; includeInIndex = 0; path = "Unit Tests.octest"; sourceTree = BUILT_PRODUCTS_DIR; };
		CA0DF0CA11F71AB30029B5F7 /* Test-Info.plist */ = {isa = PBXFileReference; lastKnownFileType = text.plist.xml; path = "Test-Info.plist"; sourceTree = "<group>"; };
		CA0DF0DA11F71D8B0029B5F7 /* internals.txt */ = {isa = PBXFileReference; fileEncoding = 4; lastKnownFileType = text; path = internals.txt; sourceTree = "<group>"; };
		CA0DF0DB11F71D8B0029B5F7 /* rotavault.1 */ = {isa = PBXFileReference; fileEncoding = 4; lastKnownFileType = text.man; path = rotavault.1; sourceTree = "<group>"; };
		CA0DF0DD11F71D8B0029B5F7 /* rotavault.m */ = {isa = PBXFileReference; fileEncoding = 4; lastKnownFileType = sourcecode.c.objc; path = rotavault.m; sourceTree = "<group>"; };
		CA0DF0DE11F71D8B0029B5F7 /* rotavault_Prefix.pch */ = {isa = PBXFileReference; fileEncoding = 4; lastKnownFileType = sourcecode.c.h; path = rotavault_Prefix.pch; sourceTree = "<group>"; };
		CA0DF11811F7216D0029B5F7 /* SenTestingKit.framework */ = {isa = PBXFileReference; lastKnownFileType = wrapper.framework; name = SenTestingKit.framework; path = Library/Frameworks/SenTestingKit.framework; sourceTree = DEVELOPER_DIR; };
		CA28AF0712132AB900C9BE6F /* LCSVerifyDiskInfoChecksumOperation.h */ = {isa = PBXFileReference; fileEncoding = 4; lastKnownFileType = sourcecode.c.h; path = LCSVerifyDiskInfoChecksumOperation.h; sourceTree = "<group>"; };
		CA28AF0812132AB900C9BE6F /* LCSVerifyDiskInfoChecksumOperation.m */ = {isa = PBXFileReference; fileEncoding = 4; lastKnownFileType = sourcecode.c.objc; path = LCSVerifyDiskInfoChecksumOperation.m; sourceTree = "<group>"; };
		CA28AF1F12132C7600C9BE6F /* CoreServices.framework */ = {isa = PBXFileReference; lastKnownFileType = wrapper.framework; name = CoreServices.framework; path = System/Library/Frameworks/CoreServices.framework; sourceTree = SDKROOT; };
		CA28AF3012132D4000C9BE6F /* LCSOperation.h */ = {isa = PBXFileReference; fileEncoding = 4; lastKnownFileType = sourcecode.c.h; path = LCSOperation.h; sourceTree = "<group>"; };
		CA28AF3112132D4000C9BE6F /* LCSOperation.m */ = {isa = PBXFileReference; fileEncoding = 4; lastKnownFileType = sourcecode.c.objc; path = LCSOperation.m; sourceTree = "<group>"; };
		CA28B00112134EDD00C9BE6F /* LCSCalculateVolumeUsedSpaceOperation.h */ = {isa = PBXFileReference; fileEncoding = 4; lastKnownFileType = sourcecode.c.h; path = LCSCalculateVolumeUsedSpaceOperation.h; sourceTree = "<group>"; };
		CA28B00212134EDD00C9BE6F /* LCSCalculateVolumeUsedSpaceOperation.m */ = {isa = PBXFileReference; fileEncoding = 4; lastKnownFileType = sourcecode.c.objc; path = LCSCalculateVolumeUsedSpaceOperation.m; sourceTree = "<group>"; };
		CA2E638E1212AB760031C4FA /* NSOperationQueue+NonBlockingWaitUntilFinished.h */ = {isa = PBXFileReference; fileEncoding = 4; lastKnownFileType = sourcecode.c.h; path = "NSOperationQueue+NonBlockingWaitUntilFinished.h"; sourceTree = "<group>"; };
		CA2E638F1212AB760031C4FA /* NSOperationQueue+NonBlockingWaitUntilFinished.m */ = {isa = PBXFileReference; fileEncoding = 4; lastKnownFileType = sourcecode.c.objc; path = "NSOperationQueue+NonBlockingWaitUntilFinished.m"; sourceTree = "<group>"; };
		CA2E64971212CF980031C4FA /* LCSSignalHandler.h */ = {isa = PBXFileReference; fileEncoding = 4; lastKnownFileType = sourcecode.c.h; path = LCSSignalHandler.h; sourceTree = "<group>"; };
		CA2E64981212CF980031C4FA /* LCSSignalHandler.m */ = {isa = PBXFileReference; fileEncoding = 4; lastKnownFileType = sourcecode.c.objc; path = LCSSignalHandler.m; sourceTree = "<group>"; };
		CA2E6536121300C70031C4FA /* LCSNanosecondTimer.h */ = {isa = PBXFileReference; fileEncoding = 4; lastKnownFileType = sourcecode.c.h; path = LCSNanosecondTimer.h; sourceTree = "<group>"; };
		CA2E6537121300C70031C4FA /* LCSNanosecondTimer.m */ = {isa = PBXFileReference; fileEncoding = 4; lastKnownFileType = sourcecode.c.objc; path = LCSNanosecondTimer.m; sourceTree = "<group>"; };
		CA45B9C0121581C600D3E40A /* LCSOperationParameter.h */ = {isa = PBXFileReference; fileEncoding = 4; lastKnownFileType = sourcecode.c.h; path = LCSOperationParameter.h; sourceTree = "<group>"; };
		CA45B9C11215824E00D3E40A /* LCSSimpleOperationParameter.h */ = {isa = PBXFileReference; fileEncoding = 4; lastKnownFileType = sourcecode.c.h; path = LCSSimpleOperationParameter.h; sourceTree = "<group>"; };
		CA45B9C21215824E00D3E40A /* LCSSimpleOperationParameter.m */ = {isa = PBXFileReference; fileEncoding = 4; lastKnownFileType = sourcecode.c.objc; path = LCSSimpleOperationParameter.m; sourceTree = "<group>"; };
		CA45B9CD1215842800D3E40A /* LCSKeyValueOperationParameter.h */ = {isa = PBXFileReference; fileEncoding = 4; lastKnownFileType = sourcecode.c.h; path = LCSKeyValueOperationParameter.h; sourceTree = "<group>"; };
		CA45B9CE1215842800D3E40A /* LCSKeyValueOperationParameter.m */ = {isa = PBXFileReference; fileEncoding = 4; lastKnownFileType = sourcecode.c.objc; path = LCSKeyValueOperationParameter.m; sourceTree = "<group>"; };
		CA45BA1312158F1D00D3E40A /* LCSSimpleOperationParameterTest.h */ = {isa = PBXFileReference; fileEncoding = 4; lastKnownFileType = sourcecode.c.h; path = LCSSimpleOperationParameterTest.h; sourceTree = "<group>"; };
		CA45BA1412158F1D00D3E40A /* LCSSimpleOperationParameterTest.m */ = {isa = PBXFileReference; fileEncoding = 4; lastKnownFileType = sourcecode.c.objc; path = LCSSimpleOperationParameterTest.m; sourceTree = "<group>"; };
		CA45BA1F121591C000D3E40A /* LCSKeyValueOperationParameterTest.h */ = {isa = PBXFileReference; fileEncoding = 4; lastKnownFileType = sourcecode.c.h; path = LCSKeyValueOperationParameterTest.h; sourceTree = "<group>"; };
		CA45BA20121591C000D3E40A /* LCSKeyValueOperationParameterTest.m */ = {isa = PBXFileReference; fileEncoding = 4; lastKnownFileType = sourcecode.c.objc; path = LCSKeyValueOperationParameterTest.m; sourceTree = "<group>"; };
		CA45BABD1215A8F100D3E40A /* LCSOperationParameterMarker.h */ = {isa = PBXFileReference; fileEncoding = 4; lastKnownFileType = sourcecode.c.h; path = LCSOperationParameterMarker.h; sourceTree = "<group>"; };
		CA45BABE1215A8F100D3E40A /* LCSOperationParameterMarker.m */ = {isa = PBXFileReference; fileEncoding = 4; lastKnownFileType = sourcecode.c.objc; path = LCSOperationParameterMarker.m; sourceTree = "<group>"; };
		CA547447120B66120014E9E8 /* LCSBlockCopyOperation.h */ = {isa = PBXFileReference; fileEncoding = 4; lastKnownFileType = sourcecode.c.h; path = LCSBlockCopyOperation.h; sourceTree = "<group>"; };
		CA547448120B66120014E9E8 /* LCSBlockCopyOperation.m */ = {isa = PBXFileReference; fileEncoding = 4; lastKnownFileType = sourcecode.c.objc; path = LCSBlockCopyOperation.m; sourceTree = "<group>"; };
		CA54748F120B76F80014E9E8 /* LCSBlockCopyOperationTest.h */ = {isa = PBXFileReference; fileEncoding = 4; lastKnownFileType = sourcecode.c.h; path = LCSBlockCopyOperationTest.h; sourceTree = "<group>"; };
		CA547490120B76F80014E9E8 /* LCSBlockCopyOperationTest.m */ = {isa = PBXFileReference; fileEncoding = 4; lastKnownFileType = sourcecode.c.objc; path = LCSBlockCopyOperationTest.m; sourceTree = "<group>"; };
		CA60E233122AE04700DE6A3B /* LCSPlistTaskOperationBase.h */ = {isa = PBXFileReference; fileEncoding = 4; lastKnownFileType = sourcecode.c.h; path = LCSPlistTaskOperationBase.h; sourceTree = "<group>"; };
		CA60E234122AE04700DE6A3B /* LCSPlistTaskOperationBase.m */ = {isa = PBXFileReference; fileEncoding = 4; lastKnownFileType = sourcecode.c.objc; path = LCSPlistTaskOperationBase.m; sourceTree = "<group>"; };
		CA7D62B312295FF000FB42C4 /* LCSCommand.h */ = {isa = PBXFileReference; fileEncoding = 4; lastKnownFileType = sourcecode.c.h; path = LCSCommand.h; sourceTree = "<group>"; };
		CA7D62B412295FF000FB42C4 /* LCSCommand.m */ = {isa = PBXFileReference; fileEncoding = 4; lastKnownFileType = sourcecode.c.objc; path = LCSCommand.m; sourceTree = "<group>"; };
		CA94887A1211892500415257 /* rvcopyd */ = {isa = PBXFileReference; explicitFileType = "compiled.mach-o.executable"; includeInIndex = 0; path = rvcopyd; sourceTree = BUILT_PRODUCTS_DIR; };
		CA9488811211895B00415257 /* rvcopyd.m */ = {isa = PBXFileReference; fileEncoding = 4; lastKnownFileType = sourcecode.c.objc; path = rvcopyd.m; sourceTree = "<group>"; };
		CA9E2D58120F398D006C4DE7 /* OCMock.framework */ = {isa = PBXFileReference; lastKnownFileType = wrapper.framework; name = OCMock.framework; path = Frameworks/OCMock.framework; sourceTree = "<group>"; };
		CAA635B7120C0E080036B643 /* LCSTaskOperationError.h */ = {isa = PBXFileReference; fileEncoding = 4; lastKnownFileType = sourcecode.c.h; path = LCSTaskOperationError.h; sourceTree = "<group>"; };
		CAA635B8120C0E080036B643 /* LCSTaskOperationError.m */ = {isa = PBXFileReference; fileEncoding = 4; lastKnownFileType = sourcecode.c.objc; path = LCSTaskOperationError.m; sourceTree = "<group>"; };
		CAA635BC120C0F0E0036B643 /* LCSTaskOperation.h */ = {isa = PBXFileReference; fileEncoding = 4; lastKnownFileType = sourcecode.c.h; path = LCSTaskOperation.h; sourceTree = "<group>"; };
		CAA635BD120C0F0E0036B643 /* LCSTaskOperation.m */ = {isa = PBXFileReference; fileEncoding = 4; lastKnownFileType = sourcecode.c.objc; path = LCSTaskOperation.m; sourceTree = "<group>"; };
		CAA74ADD120A12DB00D234F9 /* rotavault_test.m */ = {isa = PBXFileReference; fileEncoding = 4; lastKnownFileType = sourcecode.c.objc; path = rotavault_test.m; sourceTree = "<group>"; };
		CAA74BB1120A146600D234F9 /* rotavault_test */ = {isa = PBXFileReference; explicitFileType = "compiled.mach-o.executable"; includeInIndex = 0; path = rotavault_test; sourceTree = BUILT_PRODUCTS_DIR; };
		CAAB12D41215B3B500A22678 /* LCSTaskOperationBase.h */ = {isa = PBXFileReference; fileEncoding = 4; lastKnownFileType = sourcecode.c.h; path = LCSTaskOperationBase.h; sourceTree = "<group>"; };
		CAAB12D51215B3B500A22678 /* LCSTaskOperationBase.m */ = {isa = PBXFileReference; fileEncoding = 4; lastKnownFileType = sourcecode.c.objc; path = LCSTaskOperationBase.m; sourceTree = "<group>"; };
		CAB1BD60120C1C860076DB12 /* LCSPlistTaskOperation.h */ = {isa = PBXFileReference; fileEncoding = 4; lastKnownFileType = sourcecode.c.h; path = LCSPlistTaskOperation.h; sourceTree = "<group>"; };
		CAB1BD61120C1C860076DB12 /* LCSPlistTaskOperation.m */ = {isa = PBXFileReference; fileEncoding = 4; lastKnownFileType = sourcecode.c.objc; path = LCSPlistTaskOperation.m; sourceTree = "<group>"; };
		CAB1BD92120C1E800076DB12 /* LCSPlistTaskOperationTest.h */ = {isa = PBXFileReference; fileEncoding = 4; lastKnownFileType = sourcecode.c.h; path = LCSPlistTaskOperationTest.h; sourceTree = "<group>"; };
		CAB1BD93120C1E800076DB12 /* LCSPlistTaskOperationTest.m */ = {isa = PBXFileReference; fileEncoding = 4; lastKnownFileType = sourcecode.c.objc; path = LCSPlistTaskOperationTest.m; sourceTree = "<group>"; };
		CAB1BEFE120C3D8A0076DB12 /* LCSTaskOperationTest.h */ = {isa = PBXFileReference; fileEncoding = 4; lastKnownFileType = sourcecode.c.h; path = LCSTaskOperationTest.h; sourceTree = "<group>"; };
		CAB1BEFF120C3D8A0076DB12 /* LCSTaskOperationTest.m */ = {isa = PBXFileReference; fileEncoding = 4; lastKnownFileType = sourcecode.c.objc; path = LCSTaskOperationTest.m; sourceTree = "<group>"; };
		CAB1C0CD120C66D10076DB12 /* LCSRotavaultErrorDomain.h */ = {isa = PBXFileReference; fileEncoding = 4; lastKnownFileType = sourcecode.c.h; path = LCSRotavaultErrorDomain.h; sourceTree = "<group>"; };
		CAB1C0CE120C66D10076DB12 /* LCSRotavaultErrorDomain.m */ = {isa = PBXFileReference; fileEncoding = 4; lastKnownFileType = sourcecode.c.objc; path = LCSRotavaultErrorDomain.m; sourceTree = "<group>"; };
		CAB72D79120708220093D08A /* LCSTestdir.h */ = {isa = PBXFileReference; fileEncoding = 4; lastKnownFileType = sourcecode.c.h; path = LCSTestdir.h; sourceTree = "<group>"; };
		CAB72D7A120708220093D08A /* LCSTestdir.m */ = {isa = PBXFileReference; fileEncoding = 4; lastKnownFileType = sourcecode.c.objc; path = LCSTestdir.m; sourceTree = "<group>"; };
		CAC655FA120EB3A700069286 /* LCSDiskUtilOperation.h */ = {isa = PBXFileReference; fileEncoding = 4; lastKnownFileType = sourcecode.c.h; path = LCSDiskUtilOperation.h; sourceTree = "<group>"; };
		CAC655FB120EB3A700069286 /* LCSDiskUtilOperation.m */ = {isa = PBXFileReference; fileEncoding = 4; lastKnownFileType = sourcecode.c.objc; path = LCSDiskUtilOperation.m; sourceTree = "<group>"; };
		CAC65614120EB74200069286 /* LCSDiskUtilOperationTest.h */ = {isa = PBXFileReference; fileEncoding = 4; lastKnownFileType = sourcecode.c.h; path = LCSDiskUtilOperationTest.h; sourceTree = "<group>"; };
		CAC65615120EB74200069286 /* LCSDiskUtilOperationTest.m */ = {isa = PBXFileReference; fileEncoding = 4; lastKnownFileType = sourcecode.c.objc; path = LCSDiskUtilOperationTest.m; sourceTree = "<group>"; };
		CAC65693120EBF7100069286 /* LCSHdiUtilPlistOperation.h */ = {isa = PBXFileReference; fileEncoding = 4; lastKnownFileType = sourcecode.c.h; path = LCSHdiUtilPlistOperation.h; sourceTree = "<group>"; };
		CAC65694120EBF7100069286 /* LCSHdiUtilPlistOperation.m */ = {isa = PBXFileReference; fileEncoding = 4; lastKnownFileType = sourcecode.c.objc; path = LCSHdiUtilPlistOperation.m; sourceTree = "<group>"; };
		CAC656E3120EC41E00069286 /* LCSHdiUtilPlistOperationTest.h */ = {isa = PBXFileReference; fileEncoding = 4; lastKnownFileType = sourcecode.c.h; path = LCSHdiUtilPlistOperationTest.h; sourceTree = "<group>"; };
		CAC656E4120EC41E00069286 /* LCSHdiUtilPlistOperationTest.m */ = {isa = PBXFileReference; fileEncoding = 4; lastKnownFileType = sourcecode.c.objc; path = LCSHdiUtilPlistOperationTest.m; sourceTree = "<group>"; };
		CAC657E7120EDC9400069286 /* LCSHdiUtilWithProgressOperation.h */ = {isa = PBXFileReference; fileEncoding = 4; lastKnownFileType = sourcecode.c.h; path = LCSHdiUtilWithProgressOperation.h; sourceTree = "<group>"; };
		CAC657E8120EDC9400069286 /* LCSHdiUtilWithProgressOperation.m */ = {isa = PBXFileReference; fileEncoding = 4; lastKnownFileType = sourcecode.c.objc; path = LCSHdiUtilWithProgressOperation.m; sourceTree = "<group>"; };
		CAC65824120EE1F100069286 /* LCSTaskOperation+TestPassword.h */ = {isa = PBXFileReference; fileEncoding = 4; lastKnownFileType = sourcecode.c.h; path = "LCSTaskOperation+TestPassword.h"; sourceTree = "<group>"; };
		CAC65825120EE1F100069286 /* LCSTaskOperation+TestPassword.m */ = {isa = PBXFileReference; fileEncoding = 4; lastKnownFileType = sourcecode.c.objc; path = "LCSTaskOperation+TestPassword.m"; sourceTree = "<group>"; };
		CAC65845120EE39000069286 /* LCSHdiUtilWithProgressOperationTest.h */ = {isa = PBXFileReference; fileEncoding = 4; lastKnownFileType = sourcecode.c.h; path = LCSHdiUtilWithProgressOperationTest.h; sourceTree = "<group>"; };
		CAC65846120EE39000069286 /* LCSHdiUtilWithProgressOperationTest.m */ = {isa = PBXFileReference; fileEncoding = 4; lastKnownFileType = sourcecode.c.objc; path = LCSHdiUtilWithProgressOperationTest.m; sourceTree = "<group>"; };
/* End PBXFileReference section */

/* Begin PBXFrameworksBuildPhase section */
		8DD76F9B0486AA7600D96B5E /* Frameworks */ = {
			isa = PBXFrameworksBuildPhase;
			buildActionMask = 2147483647;
			files = (
				8DD76F9C0486AA7600D96B5E /* Foundation.framework in Frameworks */,
			);
			runOnlyForDeploymentPostprocessing = 0;
		};
		CA0DF0C611F71AB30029B5F7 /* Frameworks */ = {
			isa = PBXFrameworksBuildPhase;
			buildActionMask = 2147483647;
			files = (
				CA9E2D5A120F398D006C4DE7 /* OCMock.framework in Frameworks */,
			);
			runOnlyForDeploymentPostprocessing = 0;
		};
		CA9488781211892500415257 /* Frameworks */ = {
			isa = PBXFrameworksBuildPhase;
			buildActionMask = 2147483647;
			files = (
			);
			runOnlyForDeploymentPostprocessing = 0;
		};
		CAA74BAB120A146600D234F9 /* Frameworks */ = {
			isa = PBXFrameworksBuildPhase;
			buildActionMask = 2147483647;
			files = (
				CAA74BB3120A149E00D234F9 /* SenTestingKit.framework in Frameworks */,
				CAA74BAC120A146600D234F9 /* Foundation.framework in Frameworks */,
				CA9E2D59120F398D006C4DE7 /* OCMock.framework in Frameworks */,
				CA28AF2012132C7600C9BE6F /* CoreServices.framework in Frameworks */,
			);
			runOnlyForDeploymentPostprocessing = 0;
		};
/* End PBXFrameworksBuildPhase section */

/* Begin PBXGroup section */
		08FB7794FE84155DC02AAC07 /* rotavault */ = {
			isa = PBXGroup;
			children = (
				CA0DF0D911F71D8B0029B5F7 /* docs */,
				CA0DF0DC11F71D8B0029B5F7 /* src */,
				CA0DF0DF11F71D8B0029B5F7 /* test */,
				08FB779DFE84155DC02AAC07 /* External Frameworks and Libraries */,
				1AB674ADFE9D54B511CA2CBB /* Products */,
				CA0DF0CA11F71AB30029B5F7 /* Test-Info.plist */,
			);
			name = rotavault;
			sourceTree = "<group>";
		};
		08FB779DFE84155DC02AAC07 /* External Frameworks and Libraries */ = {
			isa = PBXGroup;
			children = (
				08FB779EFE84155DC02AAC07 /* Foundation.framework */,
				CA28AF1F12132C7600C9BE6F /* CoreServices.framework */,
				CA0DF11811F7216D0029B5F7 /* SenTestingKit.framework */,
				CA9E2D58120F398D006C4DE7 /* OCMock.framework */,
			);
			name = "External Frameworks and Libraries";
			sourceTree = "<group>";
		};
		1AB674ADFE9D54B511CA2CBB /* Products */ = {
			isa = PBXGroup;
			children = (
				8DD76FA10486AA7600D96B5E /* rotavault */,
				CA0DF0C911F71AB30029B5F7 /* Unit Tests.octest */,
				CAA74BB1120A146600D234F9 /* rotavault_test */,
				CA94887A1211892500415257 /* rvcopyd */,
			);
			name = Products;
			sourceTree = "<group>";
		};
		CA0DF0D911F71D8B0029B5F7 /* docs */ = {
			isa = PBXGroup;
			children = (
				CA0DF0DA11F71D8B0029B5F7 /* internals.txt */,
				CA0DF0DB11F71D8B0029B5F7 /* rotavault.1 */,
			);
			path = docs;
			sourceTree = "<group>";
		};
		CA0DF0DC11F71D8B0029B5F7 /* src */ = {
			isa = PBXGroup;
			children = (
				CA547447120B66120014E9E8 /* LCSBlockCopyOperation.h */,
				CA547448120B66120014E9E8 /* LCSBlockCopyOperation.m */,
				CA7D62B312295FF000FB42C4 /* LCSCommand.h */,
				CA7D62B412295FF000FB42C4 /* LCSCommand.m */,
				CAC655FA120EB3A700069286 /* LCSDiskUtilOperation.h */,
				CAC655FB120EB3A700069286 /* LCSDiskUtilOperation.m */,
				CAC657E7120EDC9400069286 /* LCSHdiUtilWithProgressOperation.h */,
				CAC657E8120EDC9400069286 /* LCSHdiUtilWithProgressOperation.m */,
				CAC65693120EBF7100069286 /* LCSHdiUtilPlistOperation.h */,
				CAC65694120EBF7100069286 /* LCSHdiUtilPlistOperation.m */,
				CA28AF3012132D4000C9BE6F /* LCSOperation.h */,
				CA28AF3112132D4000C9BE6F /* LCSOperation.m */,
				CA45B9C0121581C600D3E40A /* LCSOperationParameter.h */,
				CA45BABD1215A8F100D3E40A /* LCSOperationParameterMarker.h */,
				CA45BABE1215A8F100D3E40A /* LCSOperationParameterMarker.m */,
				CA45B9C11215824E00D3E40A /* LCSSimpleOperationParameter.h */,
				CA45B9C21215824E00D3E40A /* LCSSimpleOperationParameter.m */,
				CA45B9CD1215842800D3E40A /* LCSKeyValueOperationParameter.h */,
				CA45B9CE1215842800D3E40A /* LCSKeyValueOperationParameter.m */,
				CAB1BD60120C1C860076DB12 /* LCSPlistTaskOperation.h */,
				CAB1BD61120C1C860076DB12 /* LCSPlistTaskOperation.m */,
				CA60E233122AE04700DE6A3B /* LCSPlistTaskOperationBase.h */,
				CA60E234122AE04700DE6A3B /* LCSPlistTaskOperationBase.m */,
				CAB1C0CD120C66D10076DB12 /* LCSRotavaultErrorDomain.h */,
				CAB1C0CE120C66D10076DB12 /* LCSRotavaultErrorDomain.m */,
				CAA635BC120C0F0E0036B643 /* LCSTaskOperation.h */,
				CAA635BD120C0F0E0036B643 /* LCSTaskOperation.m */,
				CAAB12D41215B3B500A22678 /* LCSTaskOperationBase.h */,
				CAAB12D51215B3B500A22678 /* LCSTaskOperationBase.m */,
				CAA635B7120C0E080036B643 /* LCSTaskOperationError.h */,
				CAA635B8120C0E080036B643 /* LCSTaskOperationError.m */,
				CA0DF0DD11F71D8B0029B5F7 /* rotavault.m */,
				CA0DF0DE11F71D8B0029B5F7 /* rotavault_Prefix.pch */,
				CA9488811211895B00415257 /* rvcopyd.m */,
				CA2E638E1212AB760031C4FA /* NSOperationQueue+NonBlockingWaitUntilFinished.h */,
				CA2E638F1212AB760031C4FA /* NSOperationQueue+NonBlockingWaitUntilFinished.m */,
				CA2E64971212CF980031C4FA /* LCSSignalHandler.h */,
				CA2E64981212CF980031C4FA /* LCSSignalHandler.m */,
				CA2E6536121300C70031C4FA /* LCSNanosecondTimer.h */,
				CA2E6537121300C70031C4FA /* LCSNanosecondTimer.m */,
				CA28AF0712132AB900C9BE6F /* LCSVerifyDiskInfoChecksumOperation.h */,
				CA28AF0812132AB900C9BE6F /* LCSVerifyDiskInfoChecksumOperation.m */,
				CA28B00112134EDD00C9BE6F /* LCSCalculateVolumeUsedSpaceOperation.h */,
				CA28B00212134EDD00C9BE6F /* LCSCalculateVolumeUsedSpaceOperation.m */,
			);
			path = src;
			sourceTree = "<group>";
		};
		CA0DF0DF11F71D8B0029B5F7 /* test */ = {
			isa = PBXGroup;
			children = (
				CA54748F120B76F80014E9E8 /* LCSBlockCopyOperationTest.h */,
				CA547490120B76F80014E9E8 /* LCSBlockCopyOperationTest.m */,
				CAC65614120EB74200069286 /* LCSDiskUtilOperationTest.h */,
				CAC65615120EB74200069286 /* LCSDiskUtilOperationTest.m */,
				CAC65845120EE39000069286 /* LCSHdiUtilWithProgressOperationTest.h */,
				CAC65846120EE39000069286 /* LCSHdiUtilWithProgressOperationTest.m */,
				CAC65824120EE1F100069286 /* LCSTaskOperation+TestPassword.h */,
				CAC65825120EE1F100069286 /* LCSTaskOperation+TestPassword.m */,
				CAC656E3120EC41E00069286 /* LCSHdiUtilPlistOperationTest.h */,
				CAC656E4120EC41E00069286 /* LCSHdiUtilPlistOperationTest.m */,
				CAB1BD92120C1E800076DB12 /* LCSPlistTaskOperationTest.h */,
				CAB1BD93120C1E800076DB12 /* LCSPlistTaskOperationTest.m */,
				CA45BA1312158F1D00D3E40A /* LCSSimpleOperationParameterTest.h */,
				CA45BA1412158F1D00D3E40A /* LCSSimpleOperationParameterTest.m */,
				CAB1BEFE120C3D8A0076DB12 /* LCSTaskOperationTest.h */,
				CAB1BEFF120C3D8A0076DB12 /* LCSTaskOperationTest.m */,
				CAB72D79120708220093D08A /* LCSTestdir.h */,
				CAB72D7A120708220093D08A /* LCSTestdir.m */,
				CAA74ADD120A12DB00D234F9 /* rotavault_test.m */,
				CA45BA1F121591C000D3E40A /* LCSKeyValueOperationParameterTest.h */,
				CA45BA20121591C000D3E40A /* LCSKeyValueOperationParameterTest.m */,
			);
			path = test;
			sourceTree = "<group>";
		};
/* End PBXGroup section */

/* Begin PBXNativeTarget section */
		8DD76F960486AA7600D96B5E /* rotavault */ = {
			isa = PBXNativeTarget;
			buildConfigurationList = 1DEB927408733DD40010E9CD /* Build configuration list for PBXNativeTarget "rotavault" */;
			buildPhases = (
				8DD76F990486AA7600D96B5E /* Sources */,
				8DD76F9B0486AA7600D96B5E /* Frameworks */,
				8DD76F9E0486AA7600D96B5E /* CopyFiles */,
			);
			buildRules = (
			);
			dependencies = (
			);
			name = rotavault;
			productInstallPath = "$(HOME)/bin";
			productName = rotavault;
			productReference = 8DD76FA10486AA7600D96B5E /* rotavault */;
			productType = "com.apple.product-type.tool";
		};
		CA0DF0C811F71AB30029B5F7 /* Unit Tests */ = {
			isa = PBXNativeTarget;
			buildConfigurationList = CA0DF0CD11F71AB30029B5F7 /* Build configuration list for PBXNativeTarget "Unit Tests" */;
			buildPhases = (
				CA0DF0C411F71AB30029B5F7 /* Resources */,
				CA0DF0C511F71AB30029B5F7 /* Sources */,
				CA0DF0C611F71AB30029B5F7 /* Frameworks */,
				CA0DF0C711F71AB30029B5F7 /* ShellScript */,
			);
			buildRules = (
			);
			dependencies = (
				CA6E13CE1200B87800627AD2 /* PBXTargetDependency */,
			);
			name = "Unit Tests";
			productName = Test;
			productReference = CA0DF0C911F71AB30029B5F7 /* Unit Tests.octest */;
			productType = "com.apple.product-type.bundle";
		};
		CA9488791211892500415257 /* rvcopyd */ = {
			isa = PBXNativeTarget;
			buildConfigurationList = CA9488831211895B00415257 /* Build configuration list for PBXNativeTarget "rvcopyd" */;
			buildPhases = (
				CA9488771211892500415257 /* Sources */,
				CA9488781211892500415257 /* Frameworks */,
			);
			buildRules = (
			);
			dependencies = (
			);
			name = rvcopyd;
			productName = rvcopyd;
			productReference = CA94887A1211892500415257 /* rvcopyd */;
			productType = "com.apple.product-type.tool";
		};
		CAA74BA4120A146600D234F9 /* rotavault_test */ = {
			isa = PBXNativeTarget;
			buildConfigurationList = CAA74BAE120A146600D234F9 /* Build configuration list for PBXNativeTarget "rotavault_test" */;
			buildPhases = (
				CAA74BA5120A146600D234F9 /* Sources */,
				CAA74BAB120A146600D234F9 /* Frameworks */,
				CAA74BAD120A146600D234F9 /* CopyFiles */,
			);
			buildRules = (
			);
			dependencies = (
			);
			name = rotavault_test;
			productInstallPath = "$(HOME)/bin";
			productName = rotavault;
			productReference = CAA74BB1120A146600D234F9 /* rotavault_test */;
			productType = "com.apple.product-type.tool";
		};
/* End PBXNativeTarget section */

/* Begin PBXProject section */
		08FB7793FE84155DC02AAC07 /* Project object */ = {
			isa = PBXProject;
			attributes = {
				ORGANIZATIONNAME = znerol.ch;
			};
			buildConfigurationList = 1DEB927808733DD40010E9CD /* Build configuration list for PBXProject "rotavault" */;
			compatibilityVersion = "Xcode 3.0";
			hasScannedForEncodings = 1;
			mainGroup = 08FB7794FE84155DC02AAC07 /* rotavault */;
			projectDirPath = "";
			projectRoot = "";
			targets = (
				8DD76F960486AA7600D96B5E /* rotavault */,
				CA0DF0C811F71AB30029B5F7 /* Unit Tests */,
				CAA74BA4120A146600D234F9 /* rotavault_test */,
				CA9488791211892500415257 /* rvcopyd */,
			);
		};
/* End PBXProject section */

/* Begin PBXResourcesBuildPhase section */
		CA0DF0C411F71AB30029B5F7 /* Resources */ = {
			isa = PBXResourcesBuildPhase;
			buildActionMask = 2147483647;
			files = (
			);
			runOnlyForDeploymentPostprocessing = 0;
		};
/* End PBXResourcesBuildPhase section */

/* Begin PBXShellScriptBuildPhase section */
		CA0DF0C711F71AB30029B5F7 /* ShellScript */ = {
			isa = PBXShellScriptBuildPhase;
			buildActionMask = 2147483647;
			files = (
			);
			inputPaths = (
			);
			outputPaths = (
			);
			runOnlyForDeploymentPostprocessing = 0;
			shellPath = /bin/sh;
			shellScript = "# Run the unit tests in this test bundle.\n# \"${SYSTEM_DEVELOPER_DIR}/Tools/RunUnitTests\"\n";
		};
/* End PBXShellScriptBuildPhase section */

/* Begin PBXSourcesBuildPhase section */
		8DD76F990486AA7600D96B5E /* Sources */ = {
			isa = PBXSourcesBuildPhase;
			buildActionMask = 2147483647;
			files = (
				CA0DF0E311F71DA10029B5F7 /* rotavault.m in Sources */,
				CA54744A120B66120014E9E8 /* LCSBlockCopyOperation.m in Sources */,
				CAA635BA120C0E080036B643 /* LCSTaskOperationError.m in Sources */,
				CAA635BF120C0F0E0036B643 /* LCSTaskOperation.m in Sources */,
				CAB1BD62120C1C860076DB12 /* LCSPlistTaskOperation.m in Sources */,
				CAB1C0D0120C66D10076DB12 /* LCSRotavaultErrorDomain.m in Sources */,
				CAC655FC120EB3A700069286 /* LCSDiskUtilOperation.m in Sources */,
				CAC65695120EBF7100069286 /* LCSHdiUtilPlistOperation.m in Sources */,
				CAC657E9120EDC9400069286 /* LCSHdiUtilWithProgressOperation.m in Sources */,
				CA2E63901212AB760031C4FA /* NSOperationQueue+NonBlockingWaitUntilFinished.m in Sources */,
				CA2E64991212CF980031C4FA /* LCSSignalHandler.m in Sources */,
				CA2E6538121300C70031C4FA /* LCSNanosecondTimer.m in Sources */,
				CA28AF0A12132AB900C9BE6F /* LCSVerifyDiskInfoChecksumOperation.m in Sources */,
				CA28AF3312132D4000C9BE6F /* LCSOperation.m in Sources */,
				CA28B00412134EDD00C9BE6F /* LCSCalculateVolumeUsedSpaceOperation.m in Sources */,
			);
			runOnlyForDeploymentPostprocessing = 0;
		};
		CA0DF0C511F71AB30029B5F7 /* Sources */ = {
			isa = PBXSourcesBuildPhase;
			buildActionMask = 2147483647;
			files = (
				CAA74A38120930AE00D234F9 /* LCSTestdir.m in Sources */,
				CA547492120B76F80014E9E8 /* LCSBlockCopyOperationTest.m in Sources */,
				CAB1BD95120C1E800076DB12 /* LCSPlistTaskOperationTest.m in Sources */,
				CAB1BF01120C3D8A0076DB12 /* LCSTaskOperationTest.m in Sources */,
				CAC65617120EB74200069286 /* LCSDiskUtilOperationTest.m in Sources */,
				CAC656E5120EC41E00069286 /* LCSHdiUtilPlistOperationTest.m in Sources */,
				CAC65827120EE1F100069286 /* LCSTaskOperation+TestPassword.m in Sources */,
				CAC65848120EE39000069286 /* LCSHdiUtilWithProgressOperationTest.m in Sources */,
				CA45B9C41215824E00D3E40A /* LCSSimpleOperationParameter.m in Sources */,
				CA45B9CF1215842800D3E40A /* LCSKeyValueOperationParameter.m in Sources */,
				CA45BA1512158F1D00D3E40A /* LCSSimpleOperationParameterTest.m in Sources */,
				CA45BA21121591C000D3E40A /* LCSKeyValueOperationParameterTest.m in Sources */,
				CA45BABF1215A8F100D3E40A /* LCSOperationParameterMarker.m in Sources */,
				CAAB12D61215B3B500A22678 /* LCSTaskOperationBase.m in Sources */,
				CA7D62B612295FF000FB42C4 /* LCSCommand.m in Sources */,
				CA60E236122AE04700DE6A3B /* LCSPlistTaskOperationBase.m in Sources */,
			);
			runOnlyForDeploymentPostprocessing = 0;
		};
		CA9488771211892500415257 /* Sources */ = {
			isa = PBXSourcesBuildPhase;
			buildActionMask = 2147483647;
			files = (
				CA9488821211895B00415257 /* rvcopyd.m in Sources */,
				CA948894121189DC00415257 /* LCSBlockCopyOperation.m in Sources */,
				CA948895121189DE00415257 /* LCSDiskUtilOperation.m in Sources */,
				CA948896121189E000415257 /* LCSPlistTaskOperation.m in Sources */,
				CA948897121189E100415257 /* LCSRotavaultErrorDomain.m in Sources */,
				CA948898121189E200415257 /* LCSTaskOperation.m in Sources */,
				CA948899121189E700415257 /* LCSTaskOperationError.m in Sources */,
				CA2E63F81212C34D0031C4FA /* NSOperationQueue+NonBlockingWaitUntilFinished.m in Sources */,
				CA2E649B1212CF980031C4FA /* LCSSignalHandler.m in Sources */,
				CA2E653A121300C70031C4FA /* LCSNanosecondTimer.m in Sources */,
				CA28AF0912132AB900C9BE6F /* LCSVerifyDiskInfoChecksumOperation.m in Sources */,
				CA28AF3212132D4000C9BE6F /* LCSOperation.m in Sources */,
				CA28B00312134EDD00C9BE6F /* LCSCalculateVolumeUsedSpaceOperation.m in Sources */,
				CA45B9C51215824E00D3E40A /* LCSSimpleOperationParameter.m in Sources */,
				CA45B9D11215842800D3E40A /* LCSKeyValueOperationParameter.m in Sources */,
				CAB8931A12295546003C3308 /* LCSTaskOperationBase.m in Sources */,
				CAB8931B12295548003C3308 /* LCSOperationParameterMarker.m in Sources */,
				CA7D62B712295FF000FB42C4 /* LCSCommand.m in Sources */,
				CA60E237122AE04700DE6A3B /* LCSPlistTaskOperationBase.m in Sources */,
			);
			runOnlyForDeploymentPostprocessing = 0;
		};
		CAA74BA5120A146600D234F9 /* Sources */ = {
			isa = PBXSourcesBuildPhase;
			buildActionMask = 2147483647;
			files = (
				CAA74BB6120A14CD00D234F9 /* rotavault_test.m in Sources */,
				CA45B9581215727D00D3E40A /* LCSOperation.m in Sources */,
				CA45B9C31215824E00D3E40A /* LCSSimpleOperationParameter.m in Sources */,
				CA45B9D01215842800D3E40A /* LCSKeyValueOperationParameter.m in Sources */,
				CA45BA1612158F1D00D3E40A /* LCSSimpleOperationParameterTest.m in Sources */,
				CA45BA22121591C000D3E40A /* LCSKeyValueOperationParameterTest.m in Sources */,
				CA45BA4D12159CB400D3E40A /* LCSTestdir.m in Sources */,
				CA45BA5812159D0A00D3E40A /* LCSTaskOperationError.m in Sources */,
				CA45BA5912159D0C00D3E40A /* LCSTaskOperation.m in Sources */,
				CA45BA5A12159D0F00D3E40A /* LCSRotavaultErrorDomain.m in Sources */,
				CA45BA5B12159D1A00D3E40A /* NSOperationQueue+NonBlockingWaitUntilFinished.m in Sources */,
				CA45BA5C12159D2300D3E40A /* LCSTaskOperationTest.m in Sources */,
				CA45BAC01215A8F100D3E40A /* LCSOperationParameterMarker.m in Sources */,
				CAAB12D71215B3B500A22678 /* LCSTaskOperationBase.m in Sources */,
				CA238BA01217DB2B00571636 /* LCSPlistTaskOperation.m in Sources */,
				CA238BA11217DB3000571636 /* LCSPlistTaskOperationTest.m in Sources */,
				CAEF3DCB12242790000C2D98 /* LCSTaskOperation+TestPassword.m in Sources */,
				CAEF3DD0122427B6000C2D98 /* LCSBlockCopyOperation.m in Sources */,
				CAEF3DD1122427B8000C2D98 /* LCSDiskUtilOperation.m in Sources */,
				CAEF3DD2122427B9000C2D98 /* LCSHdiUtilPlistOperation.m in Sources */,
				CAEF3DD3122427BA000C2D98 /* LCSHdiUtilWithProgressOperation.m in Sources */,
				CAFED5A91224524300F27A23 /* LCSHdiUtilWithProgressOperationTest.m in Sources */,
				CAFED615122456FD00F27A23 /* LCSHdiUtilPlistOperationTest.m in Sources */,
				CAFED61E1224570F00F27A23 /* LCSDiskUtilOperationTest.m in Sources */,
				CAFED6291224577A00F27A23 /* LCSBlockCopyOperationTest.m in Sources */,
				CA60E235122AE04700DE6A3B /* LCSPlistTaskOperationBase.m in Sources */,
			);
			runOnlyForDeploymentPostprocessing = 0;
		};
/* End PBXSourcesBuildPhase section */

/* Begin PBXTargetDependency section */
		CA6E13CE1200B87800627AD2 /* PBXTargetDependency */ = {
			isa = PBXTargetDependency;
			target = 8DD76F960486AA7600D96B5E /* rotavault */;
			targetProxy = CA6E13CD1200B87800627AD2 /* PBXContainerItemProxy */;
		};
/* End PBXTargetDependency section */

/* Begin XCBuildConfiguration section */
		1DEB927508733DD40010E9CD /* Debug */ = {
			isa = XCBuildConfiguration;
			buildSettings = {
				ALWAYS_SEARCH_USER_PATHS = NO;
				COPY_PHASE_STRIP = NO;
				GCC_DYNAMIC_NO_PIC = NO;
				GCC_ENABLE_FIX_AND_CONTINUE = YES;
				GCC_MODEL_TUNING = G5;
				GCC_OPTIMIZATION_LEVEL = 0;
				GCC_PRECOMPILE_PREFIX_HEADER = NO;
				GCC_PREFIX_HEADER = src/rotavault_Prefix.pch;
				INSTALL_PATH = /usr/local/bin;
				PRODUCT_NAME = rotavault;
			};
			name = Debug;
		};
		1DEB927608733DD40010E9CD /* Release */ = {
			isa = XCBuildConfiguration;
			buildSettings = {
				ALWAYS_SEARCH_USER_PATHS = NO;
				DEBUG_INFORMATION_FORMAT = "dwarf-with-dsym";
				GCC_MODEL_TUNING = G5;
				GCC_PRECOMPILE_PREFIX_HEADER = NO;
				GCC_PREFIX_HEADER = src/rotavault_Prefix.pch;
				INSTALL_PATH = /usr/local/bin;
				PRODUCT_NAME = rotavault;
			};
			name = Release;
		};
		1DEB927908733DD40010E9CD /* Debug */ = {
			isa = XCBuildConfiguration;
			buildSettings = {
				ARCHS = "$(ONLY_ACTIVE_ARCH_PRE_XCODE_3_1)";
				GCC_C_LANGUAGE_STANDARD = gnu99;
				GCC_OPTIMIZATION_LEVEL = 0;
				GCC_PRECOMPILE_PREFIX_HEADER = YES;
				GCC_VERSION = "";
				GCC_WARN_ABOUT_RETURN_TYPE = YES;
				GCC_WARN_UNUSED_VARIABLE = YES;
				ONLY_ACTIVE_ARCH_PRE_XCODE_3_1 = "$(NATIVE_ARCH_ACTUAL)";
				PREBINDING = NO;
				SDKROOT = "$(DEVELOPER_SDK_DIR)/MacOSX10.5.sdk";
			};
			name = Debug;
		};
		1DEB927A08733DD40010E9CD /* Release */ = {
			isa = XCBuildConfiguration;
			buildSettings = {
				ARCHS = "$(ARCHS_STANDARD_32_64_BIT_PRE_XCODE_3_1)";
				ARCHS_STANDARD_32_64_BIT_PRE_XCODE_3_1 = "x86_64 i386 ppc";
				GCC_C_LANGUAGE_STANDARD = gnu99;
				GCC_PRECOMPILE_PREFIX_HEADER = YES;
				GCC_VERSION = "";
				GCC_WARN_ABOUT_RETURN_TYPE = YES;
				GCC_WARN_UNUSED_VARIABLE = YES;
				PREBINDING = NO;
				SDKROOT = "$(DEVELOPER_SDK_DIR)/MacOSX10.5.sdk";
			};
			name = Release;
		};
		CA0DF0CB11F71AB30029B5F7 /* Debug */ = {
			isa = XCBuildConfiguration;
			buildSettings = {
				ALWAYS_SEARCH_USER_PATHS = NO;
				BUNDLE_LOADER = "$(CONFIGURATION_BUILD_DIR)/rotavault";
				COPY_PHASE_STRIP = NO;
				FRAMEWORK_SEARCH_PATHS = (
					"$(DEVELOPER_LIBRARY_DIR)/Frameworks",
					"\"$(SRCROOT)/Frameworks\"",
				);
				GCC_DYNAMIC_NO_PIC = NO;
				GCC_ENABLE_FIX_AND_CONTINUE = NO;
				GCC_ENABLE_OBJC_EXCEPTIONS = YES;
				GCC_MODEL_TUNING = G5;
				GCC_OPTIMIZATION_LEVEL = 0;
				GCC_PRECOMPILE_PREFIX_HEADER = YES;
				GCC_PREFIX_HEADER = "$(SYSTEM_LIBRARY_DIR)/Frameworks/Cocoa.framework/Headers/Cocoa.h";
				INFOPLIST_FILE = "Test-Info.plist";
				INSTALL_PATH = "$(USER_LIBRARY_DIR)/Bundles";
				OTHER_LDFLAGS = (
					"-framework",
					Cocoa,
					"-framework",
					SenTestingKit,
				);
				PREBINDING = NO;
				PRODUCT_NAME = "Unit Tests";
				TEST_HOST = "$(BUNDLE_LOADER)";
				WRAPPER_EXTENSION = octest;
			};
			name = Debug;
		};
		CA0DF0CC11F71AB30029B5F7 /* Release */ = {
			isa = XCBuildConfiguration;
			buildSettings = {
				ALWAYS_SEARCH_USER_PATHS = NO;
				BUNDLE_LOADER = "$(CONFIGURATION_BUILD_DIR)/rotavault";
				COPY_PHASE_STRIP = YES;
				DEBUG_INFORMATION_FORMAT = "dwarf-with-dsym";
				FRAMEWORK_SEARCH_PATHS = (
					"$(DEVELOPER_LIBRARY_DIR)/Frameworks",
					"\"$(SRCROOT)/Frameworks\"",
				);
				GCC_ENABLE_FIX_AND_CONTINUE = NO;
				GCC_ENABLE_OBJC_EXCEPTIONS = YES;
				GCC_MODEL_TUNING = G5;
				GCC_PRECOMPILE_PREFIX_HEADER = YES;
				GCC_PREFIX_HEADER = "$(SYSTEM_LIBRARY_DIR)/Frameworks/Cocoa.framework/Headers/Cocoa.h";
				INFOPLIST_FILE = "Test-Info.plist";
				INSTALL_PATH = "$(USER_LIBRARY_DIR)/Bundles";
				OTHER_LDFLAGS = (
					"-framework",
					Cocoa,
					"-framework",
					SenTestingKit,
				);
				PREBINDING = NO;
				PRODUCT_NAME = "Unit Tests";
				TEST_HOST = "$(BUNDLE_LOADER)";
				WRAPPER_EXTENSION = octest;
				ZERO_LINK = NO;
			};
			name = Release;
		};
		CA94887C1211892500415257 /* Debug */ = {
			isa = XCBuildConfiguration;
			buildSettings = {
				ALWAYS_SEARCH_USER_PATHS = NO;
				COPY_PHASE_STRIP = NO;
				GCC_DYNAMIC_NO_PIC = NO;
				GCC_ENABLE_FIX_AND_CONTINUE = YES;
				GCC_MODEL_TUNING = G5;
				GCC_OPTIMIZATION_LEVEL = 0;
				GCC_PRECOMPILE_PREFIX_HEADER = YES;
				GCC_PREFIX_HEADER = "$(SYSTEM_LIBRARY_DIR)/Frameworks/AppKit.framework/Headers/AppKit.h";
				INSTALL_PATH = /usr/local/bin;
				OTHER_LDFLAGS = (
					"-framework",
					Foundation,
					"-framework",
					AppKit,
				);
				PREBINDING = NO;
				PRODUCT_NAME = rvcopyd;
			};
			name = Debug;
		};
		CA94887D1211892500415257 /* Release */ = {
			isa = XCBuildConfiguration;
			buildSettings = {
				ALWAYS_SEARCH_USER_PATHS = NO;
				COPY_PHASE_STRIP = YES;
				DEBUG_INFORMATION_FORMAT = "dwarf-with-dsym";
				GCC_ENABLE_FIX_AND_CONTINUE = NO;
				GCC_MODEL_TUNING = G5;
				GCC_PRECOMPILE_PREFIX_HEADER = YES;
				GCC_PREFIX_HEADER = "$(SYSTEM_LIBRARY_DIR)/Frameworks/AppKit.framework/Headers/AppKit.h";
				INSTALL_PATH = /usr/local/bin;
				OTHER_LDFLAGS = (
					"-framework",
					Foundation,
					"-framework",
					AppKit,
				);
				PREBINDING = NO;
				PRODUCT_NAME = rvcopyd;
				ZERO_LINK = NO;
			};
			name = Release;
		};
		CAA74BAF120A146600D234F9 /* Debug */ = {
			isa = XCBuildConfiguration;
			buildSettings = {
				ALWAYS_SEARCH_USER_PATHS = NO;
				COPY_PHASE_STRIP = NO;
				FRAMEWORK_SEARCH_PATHS = (
					"$(inherited)",
					"\"$(DEVELOPER_FRAMEWORKS_DIR)\"",
					"\"$(SRCROOT)/Frameworks\"",
				);
				GCC_DYNAMIC_NO_PIC = NO;
				GCC_ENABLE_FIX_AND_CONTINUE = YES;
				GCC_MODEL_TUNING = G5;
				GCC_OPTIMIZATION_LEVEL = 0;
				GCC_PRECOMPILE_PREFIX_HEADER = NO;
				GCC_PREFIX_HEADER = src/rotavault_Prefix.pch;
				INSTALL_PATH = /usr/local/bin;
				PRODUCT_NAME = rotavault_test;
			};
			name = Debug;
		};
		CAA74BB0120A146600D234F9 /* Release */ = {
			isa = XCBuildConfiguration;
			buildSettings = {
				ALWAYS_SEARCH_USER_PATHS = NO;
				DEBUG_INFORMATION_FORMAT = "dwarf-with-dsym";
				FRAMEWORK_SEARCH_PATHS = (
					"$(inherited)",
					"\"$(DEVELOPER_FRAMEWORKS_DIR)\"",
					"\"$(SRCROOT)/Frameworks\"",
				);
				GCC_MODEL_TUNING = G5;
				GCC_PRECOMPILE_PREFIX_HEADER = NO;
				GCC_PREFIX_HEADER = src/rotavault_Prefix.pch;
				INSTALL_PATH = /usr/local/bin;
				PRODUCT_NAME = rotavault;
			};
			name = Release;
		};
/* End XCBuildConfiguration section */

/* Begin XCConfigurationList section */
		1DEB927408733DD40010E9CD /* Build configuration list for PBXNativeTarget "rotavault" */ = {
			isa = XCConfigurationList;
			buildConfigurations = (
				1DEB927508733DD40010E9CD /* Debug */,
				1DEB927608733DD40010E9CD /* Release */,
			);
			defaultConfigurationIsVisible = 0;
			defaultConfigurationName = Release;
		};
		1DEB927808733DD40010E9CD /* Build configuration list for PBXProject "rotavault" */ = {
			isa = XCConfigurationList;
			buildConfigurations = (
				1DEB927908733DD40010E9CD /* Debug */,
				1DEB927A08733DD40010E9CD /* Release */,
			);
			defaultConfigurationIsVisible = 0;
			defaultConfigurationName = Release;
		};
		CA0DF0CD11F71AB30029B5F7 /* Build configuration list for PBXNativeTarget "Unit Tests" */ = {
			isa = XCConfigurationList;
			buildConfigurations = (
				CA0DF0CB11F71AB30029B5F7 /* Debug */,
				CA0DF0CC11F71AB30029B5F7 /* Release */,
			);
			defaultConfigurationIsVisible = 0;
			defaultConfigurationName = Release;
		};
		CA9488831211895B00415257 /* Build configuration list for PBXNativeTarget "rvcopyd" */ = {
			isa = XCConfigurationList;
			buildConfigurations = (
				CA94887C1211892500415257 /* Debug */,
				CA94887D1211892500415257 /* Release */,
			);
			defaultConfigurationIsVisible = 0;
			defaultConfigurationName = Release;
		};
		CAA74BAE120A146600D234F9 /* Build configuration list for PBXNativeTarget "rotavault_test" */ = {
			isa = XCConfigurationList;
			buildConfigurations = (
				CAA74BAF120A146600D234F9 /* Debug */,
				CAA74BB0120A146600D234F9 /* Release */,
			);
			defaultConfigurationIsVisible = 0;
			defaultConfigurationName = Release;
		};
/* End XCConfigurationList section */
	};
	rootObject = 08FB7793FE84155DC02AAC07 /* Project object */;
}
