// !$*UTF8*$!
{
	archiveVersion = 1;
	classes = {
	};
	objectVersion = 44;
	objects = {

/* Begin PBXBuildFile section */
		8DD76F9C0486AA7600D96B5E /* Foundation.framework in Frameworks */ = {isa = PBXBuildFile; fileRef = 08FB779EFE84155DC02AAC07 /* Foundation.framework */; };
		CA0DF0E311F71DA10029B5F7 /* rotavault.m in Sources */ = {isa = PBXBuildFile; fileRef = CA0DF0DD11F71D8B0029B5F7 /* rotavault.m */; };
		CA54744A120B66120014E9E8 /* LCSBlockCopyOperation.m in Sources */ = {isa = PBXBuildFile; fileRef = CA547448120B66120014E9E8 /* LCSBlockCopyOperation.m */; };
		CA547492120B76F80014E9E8 /* LCSBlockCopyOperationTest.m in Sources */ = {isa = PBXBuildFile; fileRef = CA547490120B76F80014E9E8 /* LCSBlockCopyOperationTest.m */; };
		CA642566120FF28600913F90 /* LCSTestdir.m in Sources */ = {isa = PBXBuildFile; fileRef = CAB72D7A120708220093D08A /* LCSTestdir.m */; };
		CA84DB0812112C16007B93DD /* LCSDiskUtilOperationTest.m in Sources */ = {isa = PBXBuildFile; fileRef = CAC65615120EB74200069286 /* LCSDiskUtilOperationTest.m */; };
		CA84DB0912112C17007B93DD /* LCSDiskUtilOperation.m in Sources */ = {isa = PBXBuildFile; fileRef = CAC655FB120EB3A700069286 /* LCSDiskUtilOperation.m */; };
		CA9E2D3F120F37B7006C4DE7 /* LCSTaskOperationTest.m in Sources */ = {isa = PBXBuildFile; fileRef = CAB1BEFF120C3D8A0076DB12 /* LCSTaskOperationTest.m */; };
		CA9E2D59120F398D006C4DE7 /* OCMock.framework in Frameworks */ = {isa = PBXBuildFile; fileRef = CA9E2D58120F398D006C4DE7 /* OCMock.framework */; };
		CA9E2D5A120F398D006C4DE7 /* OCMock.framework in Frameworks */ = {isa = PBXBuildFile; fileRef = CA9E2D58120F398D006C4DE7 /* OCMock.framework */; };
		CA9E2D68120F3B49006C4DE7 /* LCSTaskOperationError.m in Sources */ = {isa = PBXBuildFile; fileRef = CAA635B8120C0E080036B643 /* LCSTaskOperationError.m */; };
		CA9E2D69120F3B4B006C4DE7 /* LCSRotavaultErrorDomain.m in Sources */ = {isa = PBXBuildFile; fileRef = CAB1C0CE120C66D10076DB12 /* LCSRotavaultErrorDomain.m */; };
		CAA635BA120C0E080036B643 /* LCSTaskOperationError.m in Sources */ = {isa = PBXBuildFile; fileRef = CAA635B8120C0E080036B643 /* LCSTaskOperationError.m */; };
		CAA635BE120C0F0E0036B643 /* LCSTaskOperation.m in Sources */ = {isa = PBXBuildFile; fileRef = CAA635BD120C0F0E0036B643 /* LCSTaskOperation.m */; };
		CAA635BF120C0F0E0036B643 /* LCSTaskOperation.m in Sources */ = {isa = PBXBuildFile; fileRef = CAA635BD120C0F0E0036B643 /* LCSTaskOperation.m */; };
		CAA74A38120930AE00D234F9 /* LCSTestdir.m in Sources */ = {isa = PBXBuildFile; fileRef = CAB72D7A120708220093D08A /* LCSTestdir.m */; };
		CAA74BAC120A146600D234F9 /* Foundation.framework in Frameworks */ = {isa = PBXBuildFile; fileRef = 08FB779EFE84155DC02AAC07 /* Foundation.framework */; };
		CAA74BB3120A149E00D234F9 /* SenTestingKit.framework in Frameworks */ = {isa = PBXBuildFile; fileRef = CA0DF11811F7216D0029B5F7 /* SenTestingKit.framework */; };
		CAA74BB6120A14CD00D234F9 /* rotavault_test.m in Sources */ = {isa = PBXBuildFile; fileRef = CAA74ADD120A12DB00D234F9 /* rotavault_test.m */; };
		CAB1BD62120C1C860076DB12 /* LCSPlistTaskOperation.m in Sources */ = {isa = PBXBuildFile; fileRef = CAB1BD61120C1C860076DB12 /* LCSPlistTaskOperation.m */; };
		CAB1BD95120C1E800076DB12 /* LCSPlistTaskOperationTest.m in Sources */ = {isa = PBXBuildFile; fileRef = CAB1BD93120C1E800076DB12 /* LCSPlistTaskOperationTest.m */; };
		CAB1BF01120C3D8A0076DB12 /* LCSTaskOperationTest.m in Sources */ = {isa = PBXBuildFile; fileRef = CAB1BEFF120C3D8A0076DB12 /* LCSTaskOperationTest.m */; };
		CAB1C0D0120C66D10076DB12 /* LCSRotavaultErrorDomain.m in Sources */ = {isa = PBXBuildFile; fileRef = CAB1C0CE120C66D10076DB12 /* LCSRotavaultErrorDomain.m */; };
		CABBF51D12111C27003C0439 /* LCSHdiUtilWithProgressOperationTest.m in Sources */ = {isa = PBXBuildFile; fileRef = CAC65846120EE39000069286 /* LCSHdiUtilWithProgressOperationTest.m */; };
		CABBF51E12111C28003C0439 /* LCSHdiUtilWithProgressOperation.m in Sources */ = {isa = PBXBuildFile; fileRef = CAC657E8120EDC9400069286 /* LCSHdiUtilWithProgressOperation.m */; };
		CABBF51F12111C2A003C0439 /* LCSTaskOperation+TestPassword.m in Sources */ = {isa = PBXBuildFile; fileRef = CAC65825120EE1F100069286 /* LCSTaskOperation+TestPassword.m */; };
		CAC655FC120EB3A700069286 /* LCSDiskUtilOperation.m in Sources */ = {isa = PBXBuildFile; fileRef = CAC655FB120EB3A700069286 /* LCSDiskUtilOperation.m */; };
		CAC65617120EB74200069286 /* LCSDiskUtilOperationTest.m in Sources */ = {isa = PBXBuildFile; fileRef = CAC65615120EB74200069286 /* LCSDiskUtilOperationTest.m */; };
		CAC65695120EBF7100069286 /* LCSHdiUtilPlistOperation.m in Sources */ = {isa = PBXBuildFile; fileRef = CAC65694120EBF7100069286 /* LCSHdiUtilPlistOperation.m */; };
		CAC656E5120EC41E00069286 /* LCSHdiUtilPlistOperationTest.m in Sources */ = {isa = PBXBuildFile; fileRef = CAC656E4120EC41E00069286 /* LCSHdiUtilPlistOperationTest.m */; };
		CAC657E9120EDC9400069286 /* LCSHdiUtilWithProgressOperation.m in Sources */ = {isa = PBXBuildFile; fileRef = CAC657E8120EDC9400069286 /* LCSHdiUtilWithProgressOperation.m */; };
		CAC65827120EE1F100069286 /* LCSTaskOperation+TestPassword.m in Sources */ = {isa = PBXBuildFile; fileRef = CAC65825120EE1F100069286 /* LCSTaskOperation+TestPassword.m */; };
		CAC65848120EE39000069286 /* LCSHdiUtilWithProgressOperationTest.m in Sources */ = {isa = PBXBuildFile; fileRef = CAC65846120EE39000069286 /* LCSHdiUtilWithProgressOperationTest.m */; };
		CAE0E42612109A4500ADAEC3 /* LCSPlistTaskOperationTest.m in Sources */ = {isa = PBXBuildFile; fileRef = CAB1BD93120C1E800076DB12 /* LCSPlistTaskOperationTest.m */; };
		CAE0E42712109A4600ADAEC3 /* LCSPlistTaskOperation.m in Sources */ = {isa = PBXBuildFile; fileRef = CAB1BD61120C1C860076DB12 /* LCSPlistTaskOperation.m */; };
		CAE0E4FC1210A32500ADAEC3 /* LCSHdiUtilPlistOperation.m in Sources */ = {isa = PBXBuildFile; fileRef = CAC65694120EBF7100069286 /* LCSHdiUtilPlistOperation.m */; };
		CAE0E4FD1210A32500ADAEC3 /* LCSHdiUtilPlistOperationTest.m in Sources */ = {isa = PBXBuildFile; fileRef = CAC656E4120EC41E00069286 /* LCSHdiUtilPlistOperationTest.m */; };
/* End PBXBuildFile section */

/* Begin PBXContainerItemProxy section */
		CA6E13CD1200B87800627AD2 /* PBXContainerItemProxy */ = {
			isa = PBXContainerItemProxy;
			containerPortal = 08FB7793FE84155DC02AAC07 /* Project object */;
			proxyType = 1;
			remoteGlobalIDString = 8DD76F960486AA7600D96B5E;
			remoteInfo = rotavault;
		};
/* End PBXContainerItemProxy section */

/* Begin PBXCopyFilesBuildPhase section */
		8DD76F9E0486AA7600D96B5E /* CopyFiles */ = {
			isa = PBXCopyFilesBuildPhase;
			buildActionMask = 8;
			dstPath = /usr/share/man/man1/;
			dstSubfolderSpec = 0;
			files = (
			);
			runOnlyForDeploymentPostprocessing = 1;
		};
		CAA74BAD120A146600D234F9 /* CopyFiles */ = {
			isa = PBXCopyFilesBuildPhase;
			buildActionMask = 8;
			dstPath = /usr/share/man/man1/;
			dstSubfolderSpec = 0;
			files = (
			);
			runOnlyForDeploymentPostprocessing = 1;
		};
/* End PBXCopyFilesBuildPhase section */

/* Begin PBXFileReference section */
		08FB779EFE84155DC02AAC07 /* Foundation.framework */ = {isa = PBXFileReference; lastKnownFileType = wrapper.framework; name = Foundation.framework; path = /System/Library/Frameworks/Foundation.framework; sourceTree = "<absolute>"; };
		8DD76FA10486AA7600D96B5E /* rotavault */ = {isa = PBXFileReference; explicitFileType = "compiled.mach-o.executable"; includeInIndex = 0; path = rotavault; sourceTree = BUILT_PRODUCTS_DIR; };
		CA0DF0C911F71AB30029B5F7 /* Unit Tests.octest */ = {isa = PBXFileReference; explicitFileType = wrapper.cfbundle; includeInIndex = 0; path = "Unit Tests.octest"; sourceTree = BUILT_PRODUCTS_DIR; };
		CA0DF0CA11F71AB30029B5F7 /* Test-Info.plist */ = {isa = PBXFileReference; lastKnownFileType = text.plist.xml; path = "Test-Info.plist"; sourceTree = "<group>"; };
		CA0DF0DA11F71D8B0029B5F7 /* internals.txt */ = {isa = PBXFileReference; fileEncoding = 4; lastKnownFileType = text; path = internals.txt; sourceTree = "<group>"; };
		CA0DF0DB11F71D8B0029B5F7 /* rotavault.1 */ = {isa = PBXFileReference; fileEncoding = 4; lastKnownFileType = text.man; path = rotavault.1; sourceTree = "<group>"; };
		CA0DF0DD11F71D8B0029B5F7 /* rotavault.m */ = {isa = PBXFileReference; fileEncoding = 4; lastKnownFileType = sourcecode.c.objc; path = rotavault.m; sourceTree = "<group>"; };
		CA0DF0DE11F71D8B0029B5F7 /* rotavault_Prefix.pch */ = {isa = PBXFileReference; fileEncoding = 4; lastKnownFileType = sourcecode.c.h; path = rotavault_Prefix.pch; sourceTree = "<group>"; };
		CA0DF11811F7216D0029B5F7 /* SenTestingKit.framework */ = {isa = PBXFileReference; lastKnownFileType = wrapper.framework; name = SenTestingKit.framework; path = Library/Frameworks/SenTestingKit.framework; sourceTree = DEVELOPER_DIR; };
		CA547447120B66120014E9E8 /* LCSBlockCopyOperation.h */ = {isa = PBXFileReference; fileEncoding = 4; lastKnownFileType = sourcecode.c.h; path = LCSBlockCopyOperation.h; sourceTree = "<group>"; };
		CA547448120B66120014E9E8 /* LCSBlockCopyOperation.m */ = {isa = PBXFileReference; fileEncoding = 4; lastKnownFileType = sourcecode.c.objc; path = LCSBlockCopyOperation.m; sourceTree = "<group>"; };
		CA54748F120B76F80014E9E8 /* LCSBlockCopyOperationTest.h */ = {isa = PBXFileReference; fileEncoding = 4; lastKnownFileType = sourcecode.c.h; path = LCSBlockCopyOperationTest.h; sourceTree = "<group>"; };
		CA547490120B76F80014E9E8 /* LCSBlockCopyOperationTest.m */ = {isa = PBXFileReference; fileEncoding = 4; lastKnownFileType = sourcecode.c.objc; path = LCSBlockCopyOperationTest.m; sourceTree = "<group>"; };
		CA9E2CEC120F11C0006C4DE7 /* LCSTaskOperationDelegate.h */ = {isa = PBXFileReference; fileEncoding = 4; lastKnownFileType = sourcecode.c.h; path = LCSTaskOperationDelegate.h; sourceTree = "<group>"; };
		CA9E2D58120F398D006C4DE7 /* OCMock.framework */ = {isa = PBXFileReference; lastKnownFileType = wrapper.framework; name = OCMock.framework; path = Frameworks/OCMock.framework; sourceTree = "<group>"; };
		CAA635B7120C0E080036B643 /* LCSTaskOperationError.h */ = {isa = PBXFileReference; fileEncoding = 4; lastKnownFileType = sourcecode.c.h; path = LCSTaskOperationError.h; sourceTree = "<group>"; };
		CAA635B8120C0E080036B643 /* LCSTaskOperationError.m */ = {isa = PBXFileReference; fileEncoding = 4; lastKnownFileType = sourcecode.c.objc; path = LCSTaskOperationError.m; sourceTree = "<group>"; };
		CAA635BC120C0F0E0036B643 /* LCSTaskOperation.h */ = {isa = PBXFileReference; fileEncoding = 4; lastKnownFileType = sourcecode.c.h; path = LCSTaskOperation.h; sourceTree = "<group>"; };
		CAA635BD120C0F0E0036B643 /* LCSTaskOperation.m */ = {isa = PBXFileReference; fileEncoding = 4; lastKnownFileType = sourcecode.c.objc; path = LCSTaskOperation.m; sourceTree = "<group>"; };
		CAA74ADD120A12DB00D234F9 /* rotavault_test.m */ = {isa = PBXFileReference; fileEncoding = 4; lastKnownFileType = sourcecode.c.objc; path = rotavault_test.m; sourceTree = "<group>"; };
		CAA74BB1120A146600D234F9 /* rotavault_test */ = {isa = PBXFileReference; explicitFileType = "compiled.mach-o.executable"; includeInIndex = 0; path = rotavault_test; sourceTree = BUILT_PRODUCTS_DIR; };
		CAB1BD60120C1C860076DB12 /* LCSPlistTaskOperation.h */ = {isa = PBXFileReference; fileEncoding = 4; lastKnownFileType = sourcecode.c.h; path = LCSPlistTaskOperation.h; sourceTree = "<group>"; };
		CAB1BD61120C1C860076DB12 /* LCSPlistTaskOperation.m */ = {isa = PBXFileReference; fileEncoding = 4; lastKnownFileType = sourcecode.c.objc; path = LCSPlistTaskOperation.m; sourceTree = "<group>"; };
		CAB1BD92120C1E800076DB12 /* LCSPlistTaskOperationTest.h */ = {isa = PBXFileReference; fileEncoding = 4; lastKnownFileType = sourcecode.c.h; path = LCSPlistTaskOperationTest.h; sourceTree = "<group>"; };
		CAB1BD93120C1E800076DB12 /* LCSPlistTaskOperationTest.m */ = {isa = PBXFileReference; fileEncoding = 4; lastKnownFileType = sourcecode.c.objc; path = LCSPlistTaskOperationTest.m; sourceTree = "<group>"; };
		CAB1BEFE120C3D8A0076DB12 /* LCSTaskOperationTest.h */ = {isa = PBXFileReference; fileEncoding = 4; lastKnownFileType = sourcecode.c.h; path = LCSTaskOperationTest.h; sourceTree = "<group>"; };
		CAB1BEFF120C3D8A0076DB12 /* LCSTaskOperationTest.m */ = {isa = PBXFileReference; fileEncoding = 4; lastKnownFileType = sourcecode.c.objc; path = LCSTaskOperationTest.m; sourceTree = "<group>"; };
		CAB1C0CD120C66D10076DB12 /* LCSRotavaultErrorDomain.h */ = {isa = PBXFileReference; fileEncoding = 4; lastKnownFileType = sourcecode.c.h; path = LCSRotavaultErrorDomain.h; sourceTree = "<group>"; };
		CAB1C0CE120C66D10076DB12 /* LCSRotavaultErrorDomain.m */ = {isa = PBXFileReference; fileEncoding = 4; lastKnownFileType = sourcecode.c.objc; path = LCSRotavaultErrorDomain.m; sourceTree = "<group>"; };
		CAB72D79120708220093D08A /* LCSTestdir.h */ = {isa = PBXFileReference; fileEncoding = 4; lastKnownFileType = sourcecode.c.h; path = LCSTestdir.h; sourceTree = "<group>"; };
		CAB72D7A120708220093D08A /* LCSTestdir.m */ = {isa = PBXFileReference; fileEncoding = 4; lastKnownFileType = sourcecode.c.objc; path = LCSTestdir.m; sourceTree = "<group>"; };
		CAC655FA120EB3A700069286 /* LCSDiskUtilOperation.h */ = {isa = PBXFileReference; fileEncoding = 4; lastKnownFileType = sourcecode.c.h; path = LCSDiskUtilOperation.h; sourceTree = "<group>"; };
		CAC655FB120EB3A700069286 /* LCSDiskUtilOperation.m */ = {isa = PBXFileReference; fileEncoding = 4; lastKnownFileType = sourcecode.c.objc; path = LCSDiskUtilOperation.m; sourceTree = "<group>"; };
		CAC65614120EB74200069286 /* LCSDiskUtilOperationTest.h */ = {isa = PBXFileReference; fileEncoding = 4; lastKnownFileType = sourcecode.c.h; path = LCSDiskUtilOperationTest.h; sourceTree = "<group>"; };
		CAC65615120EB74200069286 /* LCSDiskUtilOperationTest.m */ = {isa = PBXFileReference; fileEncoding = 4; lastKnownFileType = sourcecode.c.objc; path = LCSDiskUtilOperationTest.m; sourceTree = "<group>"; };
		CAC65693120EBF7100069286 /* LCSHdiUtilPlistOperation.h */ = {isa = PBXFileReference; fileEncoding = 4; lastKnownFileType = sourcecode.c.h; path = LCSHdiUtilPlistOperation.h; sourceTree = "<group>"; };
		CAC65694120EBF7100069286 /* LCSHdiUtilPlistOperation.m */ = {isa = PBXFileReference; fileEncoding = 4; lastKnownFileType = sourcecode.c.objc; path = LCSHdiUtilPlistOperation.m; sourceTree = "<group>"; };
		CAC656E3120EC41E00069286 /* LCSHdiUtilPlistOperationTest.h */ = {isa = PBXFileReference; fileEncoding = 4; lastKnownFileType = sourcecode.c.h; path = LCSHdiUtilPlistOperationTest.h; sourceTree = "<group>"; };
		CAC656E4120EC41E00069286 /* LCSHdiUtilPlistOperationTest.m */ = {isa = PBXFileReference; fileEncoding = 4; lastKnownFileType = sourcecode.c.objc; path = LCSHdiUtilPlistOperationTest.m; sourceTree = "<group>"; };
		CAC657E7120EDC9400069286 /* LCSHdiUtilWithProgressOperation.h */ = {isa = PBXFileReference; fileEncoding = 4; lastKnownFileType = sourcecode.c.h; path = LCSHdiUtilWithProgressOperation.h; sourceTree = "<group>"; };
		CAC657E8120EDC9400069286 /* LCSHdiUtilWithProgressOperation.m */ = {isa = PBXFileReference; fileEncoding = 4; lastKnownFileType = sourcecode.c.objc; path = LCSHdiUtilWithProgressOperation.m; sourceTree = "<group>"; };
		CAC65824120EE1F100069286 /* LCSTaskOperation+TestPassword.h */ = {isa = PBXFileReference; fileEncoding = 4; lastKnownFileType = sourcecode.c.h; path = "LCSTaskOperation+TestPassword.h"; sourceTree = "<group>"; };
		CAC65825120EE1F100069286 /* LCSTaskOperation+TestPassword.m */ = {isa = PBXFileReference; fileEncoding = 4; lastKnownFileType = sourcecode.c.objc; path = "LCSTaskOperation+TestPassword.m"; sourceTree = "<group>"; };
		CAC65845120EE39000069286 /* LCSHdiUtilWithProgressOperationTest.h */ = {isa = PBXFileReference; fileEncoding = 4; lastKnownFileType = sourcecode.c.h; path = LCSHdiUtilWithProgressOperationTest.h; sourceTree = "<group>"; };
		CAC65846120EE39000069286 /* LCSHdiUtilWithProgressOperationTest.m */ = {isa = PBXFileReference; fileEncoding = 4; lastKnownFileType = sourcecode.c.objc; path = LCSHdiUtilWithProgressOperationTest.m; sourceTree = "<group>"; };
/* End PBXFileReference section */

/* Begin PBXFrameworksBuildPhase section */
		8DD76F9B0486AA7600D96B5E /* Frameworks */ = {
			isa = PBXFrameworksBuildPhase;
			buildActionMask = 2147483647;
			files = (
				8DD76F9C0486AA7600D96B5E /* Foundation.framework in Frameworks */,
			);
			runOnlyForDeploymentPostprocessing = 0;
		};
		CA0DF0C611F71AB30029B5F7 /* Frameworks */ = {
			isa = PBXFrameworksBuildPhase;
			buildActionMask = 2147483647;
			files = (
				CA9E2D5A120F398D006C4DE7 /* OCMock.framework in Frameworks */,
			);
			runOnlyForDeploymentPostprocessing = 0;
		};
		CAA74BAB120A146600D234F9 /* Frameworks */ = {
			isa = PBXFrameworksBuildPhase;
			buildActionMask = 2147483647;
			files = (
				CAA74BB3120A149E00D234F9 /* SenTestingKit.framework in Frameworks */,
				CAA74BAC120A146600D234F9 /* Foundation.framework in Frameworks */,
				CA9E2D59120F398D006C4DE7 /* OCMock.framework in Frameworks */,
			);
			runOnlyForDeploymentPostprocessing = 0;
		};
/* End PBXFrameworksBuildPhase section */

/* Begin PBXGroup section */
		08FB7794FE84155DC02AAC07 /* rotavault */ = {
			isa = PBXGroup;
			children = (
				CA0DF0D911F71D8B0029B5F7 /* docs */,
				CA0DF0DC11F71D8B0029B5F7 /* src */,
				CA0DF0DF11F71D8B0029B5F7 /* test */,
				08FB779DFE84155DC02AAC07 /* External Frameworks and Libraries */,
				1AB674ADFE9D54B511CA2CBB /* Products */,
				CA0DF0CA11F71AB30029B5F7 /* Test-Info.plist */,
			);
			name = rotavault;
			sourceTree = "<group>";
		};
		08FB779DFE84155DC02AAC07 /* External Frameworks and Libraries */ = {
			isa = PBXGroup;
			children = (
				08FB779EFE84155DC02AAC07 /* Foundation.framework */,
				CA0DF11811F7216D0029B5F7 /* SenTestingKit.framework */,
				CA9E2D58120F398D006C4DE7 /* OCMock.framework */,
			);
			name = "External Frameworks and Libraries";
			sourceTree = "<group>";
		};
		1AB674ADFE9D54B511CA2CBB /* Products */ = {
			isa = PBXGroup;
			children = (
				8DD76FA10486AA7600D96B5E /* rotavault */,
				CA0DF0C911F71AB30029B5F7 /* Unit Tests.octest */,
				CAA74BB1120A146600D234F9 /* rotavault_test */,
			);
			name = Products;
			sourceTree = "<group>";
		};
		CA0DF0D911F71D8B0029B5F7 /* docs */ = {
			isa = PBXGroup;
			children = (
				CA0DF0DA11F71D8B0029B5F7 /* internals.txt */,
				CA0DF0DB11F71D8B0029B5F7 /* rotavault.1 */,
			);
			path = docs;
			sourceTree = "<group>";
		};
		CA0DF0DC11F71D8B0029B5F7 /* src */ = {
			isa = PBXGroup;
			children = (
				CA547447120B66120014E9E8 /* LCSBlockCopyOperation.h */,
				CA547448120B66120014E9E8 /* LCSBlockCopyOperation.m */,
				CAC655FA120EB3A700069286 /* LCSDiskUtilOperation.h */,
				CAC655FB120EB3A700069286 /* LCSDiskUtilOperation.m */,
				CAC657E7120EDC9400069286 /* LCSHdiUtilWithProgressOperation.h */,
				CAC657E8120EDC9400069286 /* LCSHdiUtilWithProgressOperation.m */,
				CAC65693120EBF7100069286 /* LCSHdiUtilPlistOperation.h */,
				CAC65694120EBF7100069286 /* LCSHdiUtilPlistOperation.m */,
				CAB1BD60120C1C860076DB12 /* LCSPlistTaskOperation.h */,
				CAB1BD61120C1C860076DB12 /* LCSPlistTaskOperation.m */,
				CAB1C0CD120C66D10076DB12 /* LCSRotavaultErrorDomain.h */,
				CAB1C0CE120C66D10076DB12 /* LCSRotavaultErrorDomain.m */,
				CAA635BC120C0F0E0036B643 /* LCSTaskOperation.h */,
				CAA635BD120C0F0E0036B643 /* LCSTaskOperation.m */,
				CA9E2CEC120F11C0006C4DE7 /* LCSTaskOperationDelegate.h */,
				CAA635B7120C0E080036B643 /* LCSTaskOperationError.h */,
				CAA635B8120C0E080036B643 /* LCSTaskOperationError.m */,
				CA0DF0DD11F71D8B0029B5F7 /* rotavault.m */,
				CA0DF0DE11F71D8B0029B5F7 /* rotavault_Prefix.pch */,
			);
			path = src;
			sourceTree = "<group>";
		};
		CA0DF0DF11F71D8B0029B5F7 /* test */ = {
			isa = PBXGroup;
			children = (
				CA54748F120B76F80014E9E8 /* LCSBlockCopyOperationTest.h */,
				CA547490120B76F80014E9E8 /* LCSBlockCopyOperationTest.m */,
				CAC65614120EB74200069286 /* LCSDiskUtilOperationTest.h */,
				CAC65615120EB74200069286 /* LCSDiskUtilOperationTest.m */,
				CAC65845120EE39000069286 /* LCSHdiUtilWithProgressOperationTest.h */,
				CAC65846120EE39000069286 /* LCSHdiUtilWithProgressOperationTest.m */,
				CAC65824120EE1F100069286 /* LCSTaskOperation+TestPassword.h */,
				CAC65825120EE1F100069286 /* LCSTaskOperation+TestPassword.m */,
				CAC656E3120EC41E00069286 /* LCSHdiUtilPlistOperationTest.h */,
				CAC656E4120EC41E00069286 /* LCSHdiUtilPlistOperationTest.m */,
				CAB1BD92120C1E800076DB12 /* LCSPlistTaskOperationTest.h */,
				CAB1BD93120C1E800076DB12 /* LCSPlistTaskOperationTest.m */,
				CAB1BEFE120C3D8A0076DB12 /* LCSTaskOperationTest.h */,
				CAB1BEFF120C3D8A0076DB12 /* LCSTaskOperationTest.m */,
				CAB72D79120708220093D08A /* LCSTestdir.h */,
				CAB72D7A120708220093D08A /* LCSTestdir.m */,
				CAA74ADD120A12DB00D234F9 /* rotavault_test.m */,
			);
			path = test;
			sourceTree = "<group>";
		};
/* End PBXGroup section */

/* Begin PBXNativeTarget section */
		8DD76F960486AA7600D96B5E /* rotavault */ = {
			isa = PBXNativeTarget;
			buildConfigurationList = 1DEB927408733DD40010E9CD /* Build configuration list for PBXNativeTarget "rotavault" */;
			buildPhases = (
				8DD76F990486AA7600D96B5E /* Sources */,
				8DD76F9B0486AA7600D96B5E /* Frameworks */,
				8DD76F9E0486AA7600D96B5E /* CopyFiles */,
			);
			buildRules = (
			);
			dependencies = (
			);
			name = rotavault;
			productInstallPath = "$(HOME)/bin";
			productName = rotavault;
			productReference = 8DD76FA10486AA7600D96B5E /* rotavault */;
			productType = "com.apple.product-type.tool";
		};
		CA0DF0C811F71AB30029B5F7 /* Unit Tests */ = {
			isa = PBXNativeTarget;
			buildConfigurationList = CA0DF0CD11F71AB30029B5F7 /* Build configuration list for PBXNativeTarget "Unit Tests" */;
			buildPhases = (
				CA0DF0C411F71AB30029B5F7 /* Resources */,
				CA0DF0C511F71AB30029B5F7 /* Sources */,
				CA0DF0C611F71AB30029B5F7 /* Frameworks */,
				CA0DF0C711F71AB30029B5F7 /* ShellScript */,
			);
			buildRules = (
			);
			dependencies = (
				CA6E13CE1200B87800627AD2 /* PBXTargetDependency */,
			);
			name = "Unit Tests";
			productName = Test;
			productReference = CA0DF0C911F71AB30029B5F7 /* Unit Tests.octest */;
			productType = "com.apple.product-type.bundle";
		};
		CAA74BA4120A146600D234F9 /* rotavault_test */ = {
			isa = PBXNativeTarget;
			buildConfigurationList = CAA74BAE120A146600D234F9 /* Build configuration list for PBXNativeTarget "rotavault_test" */;
			buildPhases = (
				CAA74BA5120A146600D234F9 /* Sources */,
				CAA74BAB120A146600D234F9 /* Frameworks */,
				CAA74BAD120A146600D234F9 /* CopyFiles */,
			);
			buildRules = (
			);
			dependencies = (
			);
			name = rotavault_test;
			productInstallPath = "$(HOME)/bin";
			productName = rotavault;
			productReference = CAA74BB1120A146600D234F9 /* rotavault_test */;
			productType = "com.apple.product-type.tool";
		};
/* End PBXNativeTarget section */

/* Begin PBXProject section */
		08FB7793FE84155DC02AAC07 /* Project object */ = {
			isa = PBXProject;
			attributes = {
				ORGANIZATIONNAME = znerol.ch;
			};
			buildConfigurationList = 1DEB927808733DD40010E9CD /* Build configuration list for PBXProject "rotavault" */;
			compatibilityVersion = "Xcode 3.0";
			hasScannedForEncodings = 1;
			mainGroup = 08FB7794FE84155DC02AAC07 /* rotavault */;
			projectDirPath = "";
			projectRoot = "";
			targets = (
				8DD76F960486AA7600D96B5E /* rotavault */,
				CA0DF0C811F71AB30029B5F7 /* Unit Tests */,
				CAA74BA4120A146600D234F9 /* rotavault_test */,
			);
		};
/* End PBXProject section */

/* Begin PBXResourcesBuildPhase section */
		CA0DF0C411F71AB30029B5F7 /* Resources */ = {
			isa = PBXResourcesBuildPhase;
			buildActionMask = 2147483647;
			files = (
			);
			runOnlyForDeploymentPostprocessing = 0;
		};
/* End PBXResourcesBuildPhase section */

/* Begin PBXShellScriptBuildPhase section */
		CA0DF0C711F71AB30029B5F7 /* ShellScript */ = {
			isa = PBXShellScriptBuildPhase;
			buildActionMask = 2147483647;
			files = (
			);
			inputPaths = (
			);
			outputPaths = (
			);
			runOnlyForDeploymentPostprocessing = 0;
			shellPath = /bin/sh;
			shellScript = "# Run the unit tests in this test bundle.\n# \"${SYSTEM_DEVELOPER_DIR}/Tools/RunUnitTests\"\n";
		};
/* End PBXShellScriptBuildPhase section */

/* Begin PBXSourcesBuildPhase section */
		8DD76F990486AA7600D96B5E /* Sources */ = {
			isa = PBXSourcesBuildPhase;
			buildActionMask = 2147483647;
			files = (
				CA0DF0E311F71DA10029B5F7 /* rotavault.m in Sources */,
				CA54744A120B66120014E9E8 /* LCSBlockCopyOperation.m in Sources */,
				CAA635BA120C0E080036B643 /* LCSTaskOperationError.m in Sources */,
				CAA635BF120C0F0E0036B643 /* LCSTaskOperation.m in Sources */,
				CAB1BD62120C1C860076DB12 /* LCSPlistTaskOperation.m in Sources */,
				CAB1C0D0120C66D10076DB12 /* LCSRotavaultErrorDomain.m in Sources */,
				CAC655FC120EB3A700069286 /* LCSDiskUtilOperation.m in Sources */,
				CAC65695120EBF7100069286 /* LCSHdiUtilPlistOperation.m in Sources */,
				CAC657E9120EDC9400069286 /* LCSHdiUtilWithProgressOperation.m in Sources */,
			);
			runOnlyForDeploymentPostprocessing = 0;
		};
		CA0DF0C511F71AB30029B5F7 /* Sources */ = {
			isa = PBXSourcesBuildPhase;
			buildActionMask = 2147483647;
			files = (
				CAA74A38120930AE00D234F9 /* LCSTestdir.m in Sources */,
				CA547492120B76F80014E9E8 /* LCSBlockCopyOperationTest.m in Sources */,
				CAB1BD95120C1E800076DB12 /* LCSPlistTaskOperationTest.m in Sources */,
				CAB1BF01120C3D8A0076DB12 /* LCSTaskOperationTest.m in Sources */,
				CAC65617120EB74200069286 /* LCSDiskUtilOperationTest.m in Sources */,
				CAC656E5120EC41E00069286 /* LCSHdiUtilPlistOperationTest.m in Sources */,
				CAC65827120EE1F100069286 /* LCSTaskOperation+TestPassword.m in Sources */,
				CAC65848120EE39000069286 /* LCSHdiUtilWithProgressOperationTest.m in Sources */,
			);
			runOnlyForDeploymentPostprocessing = 0;
		};
		CAA74BA5120A146600D234F9 /* Sources */ = {
			isa = PBXSourcesBuildPhase;
			buildActionMask = 2147483647;
			files = (
				CAA74BB6120A14CD00D234F9 /* rotavault_test.m in Sources */,
				CAA635BE120C0F0E0036B643 /* LCSTaskOperation.m in Sources */,
				CA9E2D3F120F37B7006C4DE7 /* LCSTaskOperationTest.m in Sources */,
				CA9E2D68120F3B49006C4DE7 /* LCSTaskOperationError.m in Sources */,
				CA9E2D69120F3B4B006C4DE7 /* LCSRotavaultErrorDomain.m in Sources */,
				CA642566120FF28600913F90 /* LCSTestdir.m in Sources */,
				CAE0E42612109A4500ADAEC3 /* LCSPlistTaskOperationTest.m in Sources */,
				CAE0E42712109A4600ADAEC3 /* LCSPlistTaskOperation.m in Sources */,
				CAE0E4FC1210A32500ADAEC3 /* LCSHdiUtilPlistOperation.m in Sources */,
				CAE0E4FD1210A32500ADAEC3 /* LCSHdiUtilPlistOperationTest.m in Sources */,
				CABBF51D12111C27003C0439 /* LCSHdiUtilWithProgressOperationTest.m in Sources */,
				CABBF51E12111C28003C0439 /* LCSHdiUtilWithProgressOperation.m in Sources */,
				CABBF51F12111C2A003C0439 /* LCSTaskOperation+TestPassword.m in Sources */,
				CA84DB0812112C16007B93DD /* LCSDiskUtilOperationTest.m in Sources */,
				CA84DB0912112C17007B93DD /* LCSDiskUtilOperation.m in Sources */,
			);
			runOnlyForDeploymentPostprocessing = 0;
		};
/* End PBXSourcesBuildPhase section */

/* Begin PBXTargetDependency section */
		CA6E13CE1200B87800627AD2 /* PBXTargetDependency */ = {
			isa = PBXTargetDependency;
			target = 8DD76F960486AA7600D96B5E /* rotavault */;
			targetProxy = CA6E13CD1200B87800627AD2 /* PBXContainerItemProxy */;
		};
/* End PBXTargetDependency section */

/* Begin XCBuildConfiguration section */
		1DEB927508733DD40010E9CD /* Debug */ = {
			isa = XCBuildConfiguration;
			buildSettings = {
				ALWAYS_SEARCH_USER_PATHS = NO;
				COPY_PHASE_STRIP = NO;
				GCC_DYNAMIC_NO_PIC = NO;
				GCC_ENABLE_FIX_AND_CONTINUE = YES;
				GCC_MODEL_TUNING = G5;
				GCC_OPTIMIZATION_LEVEL = 0;
				GCC_PRECOMPILE_PREFIX_HEADER = NO;
				GCC_PREFIX_HEADER = src/rotavault_Prefix.pch;
				INSTALL_PATH = /usr/local/bin;
				PRODUCT_NAME = rotavault;
			};
			name = Debug;
		};
		1DEB927608733DD40010E9CD /* Release */ = {
			isa = XCBuildConfiguration;
			buildSettings = {
				ALWAYS_SEARCH_USER_PATHS = NO;
				DEBUG_INFORMATION_FORMAT = "dwarf-with-dsym";
				GCC_MODEL_TUNING = G5;
				GCC_PRECOMPILE_PREFIX_HEADER = NO;
				GCC_PREFIX_HEADER = src/rotavault_Prefix.pch;
				INSTALL_PATH = /usr/local/bin;
				PRODUCT_NAME = rotavault;
			};
			name = Release;
		};
		1DEB927908733DD40010E9CD /* Debug */ = {
			isa = XCBuildConfiguration;
			buildSettings = {
				ARCHS = "$(ONLY_ACTIVE_ARCH_PRE_XCODE_3_1)";
				GCC_C_LANGUAGE_STANDARD = gnu99;
				GCC_OPTIMIZATION_LEVEL = 0;
				GCC_PRECOMPILE_PREFIX_HEADER = YES;
				GCC_VERSION = "";
				GCC_WARN_ABOUT_RETURN_TYPE = YES;
				GCC_WARN_UNUSED_VARIABLE = YES;
				ONLY_ACTIVE_ARCH_PRE_XCODE_3_1 = "$(NATIVE_ARCH_ACTUAL)";
				PREBINDING = NO;
				SDKROOT = "$(DEVELOPER_SDK_DIR)/MacOSX10.5.sdk";
			};
			name = Debug;
		};
		1DEB927A08733DD40010E9CD /* Release */ = {
			isa = XCBuildConfiguration;
			buildSettings = {
				ARCHS = "$(ARCHS_STANDARD_32_64_BIT_PRE_XCODE_3_1)";
				ARCHS_STANDARD_32_64_BIT_PRE_XCODE_3_1 = "x86_64 i386 ppc";
				GCC_C_LANGUAGE_STANDARD = gnu99;
				GCC_PRECOMPILE_PREFIX_HEADER = YES;
				GCC_VERSION = "";
				GCC_WARN_ABOUT_RETURN_TYPE = YES;
				GCC_WARN_UNUSED_VARIABLE = YES;
				PREBINDING = NO;
				SDKROOT = "$(DEVELOPER_SDK_DIR)/MacOSX10.5.sdk";
			};
			name = Release;
		};
		CA0DF0CB11F71AB30029B5F7 /* Debug */ = {
			isa = XCBuildConfiguration;
			buildSettings = {
				ALWAYS_SEARCH_USER_PATHS = NO;
				BUNDLE_LOADER = "$(CONFIGURATION_BUILD_DIR)/rotavault";
				COPY_PHASE_STRIP = NO;
				FRAMEWORK_SEARCH_PATHS = (
					"$(DEVELOPER_LIBRARY_DIR)/Frameworks",
					"\"$(SRCROOT)/Frameworks\"",
				);
				GCC_DYNAMIC_NO_PIC = NO;
				GCC_ENABLE_FIX_AND_CONTINUE = NO;
				GCC_ENABLE_OBJC_EXCEPTIONS = YES;
				GCC_MODEL_TUNING = G5;
				GCC_OPTIMIZATION_LEVEL = 0;
				GCC_PRECOMPILE_PREFIX_HEADER = YES;
				GCC_PREFIX_HEADER = "$(SYSTEM_LIBRARY_DIR)/Frameworks/Cocoa.framework/Headers/Cocoa.h";
				INFOPLIST_FILE = "Test-Info.plist";
				INSTALL_PATH = "$(USER_LIBRARY_DIR)/Bundles";
				OTHER_LDFLAGS = (
					"-framework",
					Cocoa,
					"-framework",
					SenTestingKit,
				);
				PREBINDING = NO;
				PRODUCT_NAME = "Unit Tests";
				TEST_HOST = "$(BUNDLE_LOADER)";
				WRAPPER_EXTENSION = octest;
			};
			name = Debug;
		};
		CA0DF0CC11F71AB30029B5F7 /* Release */ = {
			isa = XCBuildConfiguration;
			buildSettings = {
				ALWAYS_SEARCH_USER_PATHS = NO;
				BUNDLE_LOADER = "$(CONFIGURATION_BUILD_DIR)/rotavault";
				COPY_PHASE_STRIP = YES;
				DEBUG_INFORMATION_FORMAT = "dwarf-with-dsym";
				FRAMEWORK_SEARCH_PATHS = (
					"$(DEVELOPER_LIBRARY_DIR)/Frameworks",
					"\"$(SRCROOT)/Frameworks\"",
				);
				GCC_ENABLE_FIX_AND_CONTINUE = NO;
				GCC_ENABLE_OBJC_EXCEPTIONS = YES;
				GCC_MODEL_TUNING = G5;
				GCC_PRECOMPILE_PREFIX_HEADER = YES;
				GCC_PREFIX_HEADER = "$(SYSTEM_LIBRARY_DIR)/Frameworks/Cocoa.framework/Headers/Cocoa.h";
				INFOPLIST_FILE = "Test-Info.plist";
				INSTALL_PATH = "$(USER_LIBRARY_DIR)/Bundles";
				OTHER_LDFLAGS = (
					"-framework",
					Cocoa,
					"-framework",
					SenTestingKit,
				);
				PREBINDING = NO;
				PRODUCT_NAME = "Unit Tests";
				TEST_HOST = "$(BUNDLE_LOADER)";
				WRAPPER_EXTENSION = octest;
				ZERO_LINK = NO;
			};
			name = Release;
		};
		CAA74BAF120A146600D234F9 /* Debug */ = {
			isa = XCBuildConfiguration;
			buildSettings = {
				ALWAYS_SEARCH_USER_PATHS = NO;
				COPY_PHASE_STRIP = NO;
				FRAMEWORK_SEARCH_PATHS = (
					"$(inherited)",
					"\"$(DEVELOPER_FRAMEWORKS_DIR)\"",
					"\"$(SRCROOT)/Frameworks\"",
				);
				GCC_DYNAMIC_NO_PIC = NO;
				GCC_ENABLE_FIX_AND_CONTINUE = YES;
				GCC_MODEL_TUNING = G5;
				GCC_OPTIMIZATION_LEVEL = 0;
				GCC_PRECOMPILE_PREFIX_HEADER = NO;
				GCC_PREFIX_HEADER = src/rotavault_Prefix.pch;
				INSTALL_PATH = /usr/local/bin;
				PRODUCT_NAME = rotavault_test;
			};
			name = Debug;
		};
		CAA74BB0120A146600D234F9 /* Release */ = {
			isa = XCBuildConfiguration;
			buildSettings = {
				ALWAYS_SEARCH_USER_PATHS = NO;
				DEBUG_INFORMATION_FORMAT = "dwarf-with-dsym";
				FRAMEWORK_SEARCH_PATHS = (
					"$(inherited)",
					"\"$(DEVELOPER_FRAMEWORKS_DIR)\"",
					"\"$(SRCROOT)/Frameworks\"",
				);
				GCC_MODEL_TUNING = G5;
				GCC_PRECOMPILE_PREFIX_HEADER = NO;
				GCC_PREFIX_HEADER = src/rotavault_Prefix.pch;
				INSTALL_PATH = /usr/local/bin;
				PRODUCT_NAME = rotavault;
			};
			name = Release;
		};
/* End XCBuildConfiguration section */

/* Begin XCConfigurationList section */
		1DEB927408733DD40010E9CD /* Build configuration list for PBXNativeTarget "rotavault" */ = {
			isa = XCConfigurationList;
			buildConfigurations = (
				1DEB927508733DD40010E9CD /* Debug */,
				1DEB927608733DD40010E9CD /* Release */,
			);
			defaultConfigurationIsVisible = 0;
			defaultConfigurationName = Release;
		};
		1DEB927808733DD40010E9CD /* Build configuration list for PBXProject "rotavault" */ = {
			isa = XCConfigurationList;
			buildConfigurations = (
				1DEB927908733DD40010E9CD /* Debug */,
				1DEB927A08733DD40010E9CD /* Release */,
			);
			defaultConfigurationIsVisible = 0;
			defaultConfigurationName = Release;
		};
		CA0DF0CD11F71AB30029B5F7 /* Build configuration list for PBXNativeTarget "Unit Tests" */ = {
			isa = XCConfigurationList;
			buildConfigurations = (
				CA0DF0CB11F71AB30029B5F7 /* Debug */,
				CA0DF0CC11F71AB30029B5F7 /* Release */,
			);
			defaultConfigurationIsVisible = 0;
			defaultConfigurationName = Release;
		};
		CAA74BAE120A146600D234F9 /* Build configuration list for PBXNativeTarget "rotavault_test" */ = {
			isa = XCConfigurationList;
			buildConfigurations = (
				CAA74BAF120A146600D234F9 /* Debug */,
				CAA74BB0120A146600D234F9 /* Release */,
			);
			defaultConfigurationIsVisible = 0;
			defaultConfigurationName = Release;
		};
/* End XCConfigurationList section */
	};
	rootObject = 08FB7793FE84155DC02AAC07 /* Project object */;
}
